
Microsoft Visual Studio Solution File, Format Version 11.00
# Visual Studio 2010
Project("{2150E333-8FDC-42A3-9474-1A3956D46DE8}") = "罐子检测", "罐子检测", "{91C59D52-C7E6-49E3-B637-6EE7BFE00B8A}"
EndProject
Project("{2150E333-8FDC-42A3-9474-1A3956D46DE8}") = "盖检测算子", "盖检测算子", "{A4809F20-0BA9-4C6B-BD9C-4D074EAE3004}"
EndProject
Project("{2150E333-8FDC-42A3-9474-1A3956D46DE8}") = "成品盖算子", "成品盖算子", "{6691D69F-4BF8-4B0E-AD8E-0C29FF29A5B0}"
EndProject
Project("{8BC9CEB8-8B4A-11D0-8D11-00A0C91BC942}") = "CenterDll", "CenterDll\CenterDll.vcxproj", "{7E166289-7363-44E3-8291-DF2AAB81505E}"
EndProject
Project("{8BC9CEB8-8B4A-11D0-8D11-00A0C91BC942}") = "qianhuan", "qianhuan\qianhuan.vcxproj", "{0845871B-819D-4D69-B9EE-E26CD0202FC7}"
EndProject
Project("{8BC9CEB8-8B4A-11D0-8D11-00A0C91BC942}") = "zhujiao", "zhujiao\zhujiao.vcxproj", "{5E4F6984-CE82-4FA8-87AF-5594B94D8D32}"
EndProject
Project("{8BC9CEB8-8B4A-11D0-8D11-00A0C91BC942}") = "mianxin", "mianxin\mianxin.vcxproj", "{61E8B92C-8FB1-4C8E-A644-11EC99A0287F}"
EndProject
Project("{8BC9CEB8-8B4A-11D0-8D11-00A0C91BC942}") = "MaoDingDll", "MaoDing\MaoDing.vcxproj", "{0D497BD1-095F-4E7B-95F3-855FA8180817}"
EndProject
Project("{8BC9CEB8-8B4A-11D0-8D11-00A0C91BC942}") = "mianxinAuto", "Mianxin2\mianxin2.vcxproj", "{A15670D5-8132-4068-BD0F-B44592352B53}"
EndProject
Project("{8BC9CEB8-8B4A-11D0-8D11-00A0C91BC942}") = "CPGDianWeiROI", "CPGDianWeiROI\CPGDianWeiROI.vcxproj", "{C8CAC62F-ED3A-49FA-B307-A27EEA4A7351}"
EndProject
Project("{8BC9CEB8-8B4A-11D0-8D11-00A0C91BC942}") = "CurlDll", "CurlDll\CurlDll.vcxproj", "{616243B7-4842-403B-B2B9-D2A3DDBDCC37}"
EndProject
Project("{8BC9CEB8-8B4A-11D0-8D11-00A0C91BC942}") = "DllTest", "DllTest\DllTest.vcxproj", "{7FC6F92A-06D3-4AE1-971D-4A71DC6F0671}"
EndProject
Project("{8BC9CEB8-8B4A-11D0-8D11-00A0C91BC942}") = "CenterHC", "CenterHC\CenterHC.vcxproj", "{E67F2124-3CB6-4F43-84AE-1ADD1C13A58B}"
EndProject
Project("{8BC9CEB8-8B4A-11D0-8D11-00A0C91BC942}") = "CPGMianXinTest", "CPGMianXinTest\CPGMianXinTest.vcxproj", "{344D57B2-3A91-4ADA-8D4B-8FCCFBB30D16}"
EndProject
Project("{8BC9CEB8-8B4A-11D0-8D11-00A0C91BC942}") = "CurlDll2", "CurlDll2\CurlDll2.vcxproj", "{E0FBA24A-6709-47E3-9B5D-6B88DC4F634F}"
EndProject
Project("{8BC9CEB8-8B4A-11D0-8D11-00A0C91BC942}") = "CenterDllHS", "CenterDllHS\CenterDllHS.vcxproj", "{F6E1D223-21FE-4580-BB1F-4B666798F225}"
EndProject
Project("{8BC9CEB8-8B4A-11D0-8D11-00A0C91BC942}") = "CPGDianWeiMatching", "CPGDianWeiSHM\CPGDianWeiSHM.vcxproj", "{6FB74B56-DD94-49A0-9CE8-46622026EB05}"
EndProject
Project("{8BC9CEB8-8B4A-11D0-8D11-00A0C91BC942}") = "CPGModelCreate", "CPGModelCreate\CPGModelCreate.vcxproj", "{F6D8EFAC-5F63-421D-AF07-7940D224D4A7}"
EndProject
Project("{8BC9CEB8-8B4A-11D0-8D11-00A0C91BC942}") = "SLACMVS", "SLACMVSN\SLACMVSN.vcxproj", "{B6115C5F-F947-48F6-BDEA-9BC459ACD9C6}"
EndProject
Project("{8BC9CEB8-8B4A-11D0-8D11-00A0C91BC942}") = "DynThreshed1.3", "DynThreshed1.3\DynThreshed1.3.vcxproj", "{E09112DD-7349-40EF-BB20-24B48F070FEB}"
EndProject
Project("{8BC9CEB8-8B4A-11D0-8D11-00A0C91BC942}") = "CPGUVPuTu", "CPGUVPuTu\CPGUVPuTu.vcxproj", "{D2F0D223-7AE6-46C8-AC58-D736B90AEAF9}"
EndProject
Project("{8BC9CEB8-8B4A-11D0-8D11-00A0C91BC942}") = "GuangGai", "CurlGuangGai\CurlGuangGai.vcxproj", "{4413CA97-30EC-402D-A286-8520529E69F3}"
EndProject
Project("{8BC9CEB8-8B4A-11D0-8D11-00A0C91BC942}") = "MianXinFFT", "MianXinFFT\MianXinFFT.vcxproj", "{46F68321-09A2-4C2C-A598-996BDBE2ABE4}"
EndProject
Project("{8BC9CEB8-8B4A-11D0-8D11-00A0C91BC942}") = "UVCurlDLL2.1", "UVCurlDLL2.1\UVCurlDLL2.1.vcxproj", "{A6B99D20-CB42-4F7A-8611-F92F9012CA82}"
EndProject
Project("{8BC9CEB8-8B4A-11D0-8D11-00A0C91BC942}") = "EOEEdgeDLL", "EOEEdgeDLL\EOEEdgeDLL.vcxproj", "{6CB3E137-2A94-4934-948F-119ADDD72459}"
EndProject
Project("{8BC9CEB8-8B4A-11D0-8D11-00A0C91BC942}") = "AOIEdit", "AOIEdit3\AOIEditVer3.vcxproj", "{9A0FF4AA-49D9-4270-B935-E8A111B62F6A}"
EndProject
Project("{8BC9CEB8-8B4A-11D0-8D11-00A0C91BC942}") = "AOIEDITHelp", "AOIEDITHelp\AOIEDITHelp.vcxproj", "{397F254B-D797-495F-83DB-C8C1921ABA70}"
EndProject
Project("{8BC9CEB8-8B4A-11D0-8D11-00A0C91BC942}") = "EOECurlDll3", "EOECurlDll3\EOECurlDll3.vcxproj", "{D235893D-5B55-4CA3-AFA4-6DB1CCBF3F6D}"
EndProject
Project("{8BC9CEB8-8B4A-11D0-8D11-00A0C91BC942}") = "CenterHC23", "CenterHC23\CenterHC23.vcxproj", "{B6E7E0C1-F8F2-44F8-AC6E-63F6ABF745AB}"
EndProject
Project("{8BC9CEB8-8B4A-11D0-8D11-00A0C91BC942}") = "EOEShapeDll", "EOEShapeDll\EOEShapeDll.vcxproj", "{022187C2-B773-4749-872E-7C6E51DCC332}"
EndProject
Project("{2150E333-8FDC-42A3-9474-1A3956D46DE8}") = "AlgorithmCOM", "AlgorithmCOM", "{A2F2484F-BCD1-4362-ADEA-5C06B1DAD1C1}"
EndProject
Project("{8BC9CEB8-8B4A-11D0-8D11-00A0C91BC942}") = "CenterCOM", "CenterCOM\CenterCOM.vcxproj", "{4A07AF98-8158-43B5-BDA5-1DFEB30C17B2}"
EndProject
Project("{8BC9CEB8-8B4A-11D0-8D11-00A0C91BC942}") = "CenterCOMPS", "CenterCOM\CenterCOMPS.vcxproj", "{D6731BC7-9066-4C01-99BE-B42A2F391E92}"
	ProjectSection(ProjectDependencies) = postProject
		{4A07AF98-8158-43B5-BDA5-1DFEB30C17B2} = {4A07AF98-8158-43B5-BDA5-1DFEB30C17B2}
	EndProjectSection
EndProject
Project("{8BC9CEB8-8B4A-11D0-8D11-00A0C91BC942}") = "CPGShapeCreation", "CPGShapeCreation\ShapeCreation.vcxproj", "{8DCEA650-F2F0-418B-A4E0-B773C7B4223A}"
EndProject
Project("{8BC9CEB8-8B4A-11D0-8D11-00A0C91BC942}") = "CPGShapeMatching", "CPGShapeMatching\CPGShapeMatching.vcxproj", "{A2FEE7C3-3DAE-4CD5-8C5C-8F75F84B6F9C}"
EndProject
Project("{8BC9CEB8-8B4A-11D0-8D11-00A0C91BC942}") = "EOEGCountersink", "EOEGCountersink\EOEGCountersink.vcxproj", "{5C4298F9-F5EA-4E3E-8667-45B8D7973C1F}"
EndProject
Project("{8BC9CEB8-8B4A-11D0-8D11-00A0C91BC942}") = "EOEGSurface", "EOEGSurface\EOEGSurface.vcxproj", "{1A3F1A47-4565-4E6E-A2AA-EA19348BE4BA}"
EndProject
Project("{8BC9CEB8-8B4A-11D0-8D11-00A0C91BC942}") = "CPGDynThreshed1.1", "CPGDynThreshed1.1\CPGDynThreshed1.1.vcxproj", "{26A4D0B3-36DF-4877-9AC1-351D20033FE7}"
EndProject
Project("{8BC9CEB8-8B4A-11D0-8D11-00A0C91BC942}") = "CPGGrayMatching", "CPGGrayMatching\CPGGrayMatching.vcxproj", "{D0A72CAD-52B5-4D0B-8E37-3A8A76311400}"
EndProject
Project("{8BC9CEB8-8B4A-11D0-8D11-00A0C91BC942}") = "CanSurface", "..\..\mvsitem\trunk\C++\CanSurface\CanSurface.vcxproj", "{E9DB5E2F-4A20-4BC9-BFB5-C0EC233B315A}"
EndProject
Project("{8BC9CEB8-8B4A-11D0-8D11-00A0C91BC942}") = "CanCenterAdjustWW", "..\..\mvsitem\trunk\C++\CanCenterAdjustWW\CanCenterAdjustWW.vcxproj", "{DEB4BF69-8634-4AB6-B90E-07DA00A096EA}"
EndProject
Project("{8BC9CEB8-8B4A-11D0-8D11-00A0C91BC942}") = "CanCenterWW", "..\..\mvsitem\trunk\C++\CanCenterWW\CanCenterWW.vcxproj", "{502B3BCA-3BE9-4E1C-A3E5-F0025AA720C4}"
EndProject
Project("{8BC9CEB8-8B4A-11D0-8D11-00A0C91BC942}") = "CanCurlDLL2WW", "..\..\mvsitem\trunk\C++\CanCurlDLL2WW\CanCurlDLL2WW.vcxproj", "{4C65BE14-4A69-40AA-87B9-82DE8BD3AFAF}"
EndProject
Project("{8BC9CEB8-8B4A-11D0-8D11-00A0C91BC942}") = "CanGauSurfaceWW", "..\..\mvsitem\trunk\C++\CanGauSurfaceWW\CanGauSurfaceWW.vcxproj", "{39983027-A34A-4AFF-9146-560088B3BA7E}"
EndProject
Project("{8BC9CEB8-8B4A-11D0-8D11-00A0C91BC942}") = "CanShapeWW", "..\..\mvsitem\trunk\C++\CanShapeWW\CanShapeWW.vcxproj", "{AE02DE03-88BF-4B54-AFE3-A599461D6A1A}"
EndProject
Project("{8BC9CEB8-8B4A-11D0-8D11-00A0C91BC942}") = "CanSolderRegWW", "..\..\mvsitem\trunk\C++\CanSolderReg\CanSolderReg.vcxproj", "{110818E3-7211-4F8D-BC8F-36E383A17CBA}"
EndProject
Project("{8BC9CEB8-8B4A-11D0-8D11-00A0C91BC942}") = "EOEScanDll", "EOEScanDll\EOEScanDll.vcxproj", "{C98933C6-F5E6-412C-BD7C-E55B4FAA1CC3}"
EndProject
Project("{8BC9CEB8-8B4A-11D0-8D11-00A0C91BC942}") = "CanCurlDLL2ML", "..\..\mvsitem\trunk\C++\CanCurlDLL2ML\CanCurlDLL2ML.vcxproj", "{3394862C-1F28-4A67-9BFB-5A76DCBBE857}"
EndProject
Project("{8BC9CEB8-8B4A-11D0-8D11-00A0C91BC942}") = "CPGDynThreshed2.1Sub", "CPGDynThreshed2.1Sub\CPGDynThreshed2.1Sub.vcxproj", "{2A201C29-B82F-41AA-A7F6-98E5DFCC60D1}"
EndProject
Project("{8BC9CEB8-8B4A-11D0-8D11-00A0C91BC942}") = "CPGShapeMatching2.1Sub", "CPGShapeMatching2.1Sub\CPGShapeMatching2.1Sub.vcxproj", "{A7B8914A-A531-4640-81F4-80789ACD4944}"
EndProject
Project("{8BC9CEB8-8B4A-11D0-8D11-00A0C91BC942}") = "EOEGLine", "EOEGLine\EOEGLine.vcxproj", "{14219260-3FE8-460B-9951-AFE3C4BE94AE}"
EndProject
Project("{8BC9CEB8-8B4A-11D0-8D11-00A0C91BC942}") = "CanDynThreshed1.4ML", "..\..\mvsitem\trunk\C++\CanDynThreshed1.4ML\CanDynThreshed1.4ML.vcxproj", "{F162DA5B-8A23-4905-9255-96E85B7CA9BA}"
EndProject
Project("{8BC9CEB8-8B4A-11D0-8D11-00A0C91BC942}") = "CanDynThreshed1.31ML", "..\..\mvsitem\trunk\C++\CanDynThreshed1.31ML\CanDynThreshed1.31ML.vcxproj", "{44A35448-3ABC-4B06-85EC-574368C216F5}"
EndProject
Project("{8BC9CEB8-8B4A-11D0-8D11-00A0C91BC942}") = "CanDynThreshed1.3WW", "..\..\mvsitem\trunk\C++\CanDynThreshed1.3WW\CanDynThreshed1.3WW.vcxproj", "{12EF8110-D76B-4147-A634-FDBD68FCF5B7}"
EndProject
Project("{8BC9CEB8-8B4A-11D0-8D11-00A0C91BC942}") = "CenterDllHS2", "CenterDllHS2\CenterDllHS2.vcxproj", "{F0BEAE7F-7C81-479D-B89C-99DAF020950C}"
EndProject
Project("{8BC9CEB8-8B4A-11D0-8D11-00A0C91BC942}") = "CPGGLine", "CPGGLine\CPGGLine.vcxproj", "{674B8AF0-AA68-4F96-8779-840346973F9B}"
EndProject
Project("{8BC9CEB8-8B4A-11D0-8D11-00A0C91BC942}") = "CPGGCountersink", "CPGGCountersink\CPGGCountersink.vcxproj", "{7828A44D-747A-45E3-B3AB-958901A04B7F}"
EndProject
Project("{8BC9CEB8-8B4A-11D0-8D11-00A0C91BC942}") = "CPGGSurface", "CPGGSurface\CPGGSurface.vcxproj", "{4EB85913-769F-4C6A-ADF8-D309CDD81AC2}"
EndProject
Project("{2150E333-8FDC-42A3-9474-1A3956D46DE8}") = "Demo", "Demo", "{829E6DC3-40BD-41F8-85BA-850381BCF8C0}"
EndProject
Project("{8BC9CEB8-8B4A-11D0-8D11-00A0C91BC942}") = "bottle", "bottle\bottle.vcxproj", "{DD08A517-D607-452B-AC56-3E57118524D2}"
EndProject
Project("{8BC9CEB8-8B4A-11D0-8D11-00A0C91BC942}") = "inspect_shampoo_label", "inspect_shampoo_label\inspect_shampoo_label.vcxproj", "{C3A0BD3C-13FF-4BAC-A31A-D9D7717A09BE}"
EndProject
Project("{8BC9CEB8-8B4A-11D0-8D11-00A0C91BC942}") = "check_blister_mixed", "check_blister_mixed\check_blister_mixed.vcxproj", "{80A6D6AC-F12C-4BAF-9D1D-ED730F68B201}"
EndProject
Project("{8BC9CEB8-8B4A-11D0-8D11-00A0C91BC942}") = "check_blister", "check_blister\check_blister.vcxproj", "{8E323B5E-F68F-4BAE-8E17-525065582E8A}"
EndProject
Project("{8BC9CEB8-8B4A-11D0-8D11-00A0C91BC942}") = "CanDynThreshed1.5WW", "..\..\mvsitem\trunk\C++\CanDynThreshed1.5WW\CanDynThreshed1.5WW.vcxproj", "{2D43E471-F25C-4CAE-B064-9F652E0F03E7}"
EndProject
Global
	GlobalSection(SolutionConfigurationPlatforms) = preSolution
		Debug_Eng_Ver|Win32 = Debug_Eng_Ver|Win32
		Debug_Eng_Version|Win32 = Debug_Eng_Version|Win32
		Debug|Win32 = Debug|Win32
		Release_Eng_Ver|Win32 = Release_Eng_Ver|Win32
		Release_Eng_Version|Win32 = Release_Eng_Version|Win32
		Release|Win32 = Release|Win32
	EndGlobalSection
	GlobalSection(ProjectConfigurationPlatforms) = postSolution
		{7E166289-7363-44E3-8291-DF2AAB81505E}.Debug_Eng_Ver|Win32.ActiveCfg = Debug_Eng_Ver|Win32
		{7E166289-7363-44E3-8291-DF2AAB81505E}.Debug_Eng_Ver|Win32.Build.0 = Debug_Eng_Ver|Win32
		{7E166289-7363-44E3-8291-DF2AAB81505E}.Debug_Eng_Version|Win32.ActiveCfg = Debug_Eng_Version|Win32
		{7E166289-7363-44E3-8291-DF2AAB81505E}.Debug_Eng_Version|Win32.Build.0 = Debug_Eng_Version|Win32
		{7E166289-7363-44E3-8291-DF2AAB81505E}.Debug|Win32.ActiveCfg = Debug|Win32
		{7E166289-7363-44E3-8291-DF2AAB81505E}.Debug|Win32.Build.0 = Debug|Win32
		{7E166289-7363-44E3-8291-DF2AAB81505E}.Release_Eng_Ver|Win32.ActiveCfg = Release_Eng_Ver|Win32
		{7E166289-7363-44E3-8291-DF2AAB81505E}.Release_Eng_Ver|Win32.Build.0 = Release_Eng_Ver|Win32
		{7E166289-7363-44E3-8291-DF2AAB81505E}.Release_Eng_Version|Win32.ActiveCfg = Release_Eng_Version|Win32
		{7E166289-7363-44E3-8291-DF2AAB81505E}.Release_Eng_Version|Win32.Build.0 = Release_Eng_Version|Win32
		{7E166289-7363-44E3-8291-DF2AAB81505E}.Release|Win32.ActiveCfg = Release|Win32
		{7E166289-7363-44E3-8291-DF2AAB81505E}.Release|Win32.Build.0 = Release|Win32
		{0845871B-819D-4D69-B9EE-E26CD0202FC7}.Debug_Eng_Ver|Win32.ActiveCfg = Debug_Eng_Ver|Win32
		{0845871B-819D-4D69-B9EE-E26CD0202FC7}.Debug_Eng_Ver|Win32.Build.0 = Debug_Eng_Ver|Win32
		{0845871B-819D-4D69-B9EE-E26CD0202FC7}.Debug_Eng_Version|Win32.ActiveCfg = Debug_Eng_Ver|Win32
		{0845871B-819D-4D69-B9EE-E26CD0202FC7}.Debug_Eng_Version|Win32.Build.0 = Debug_Eng_Ver|Win32
		{0845871B-819D-4D69-B9EE-E26CD0202FC7}.Debug|Win32.ActiveCfg = Debug|Win32
		{0845871B-819D-4D69-B9EE-E26CD0202FC7}.Debug|Win32.Build.0 = Debug|Win32
		{0845871B-819D-4D69-B9EE-E26CD0202FC7}.Release_Eng_Ver|Win32.ActiveCfg = Release_Eng_Ver|Win32
		{0845871B-819D-4D69-B9EE-E26CD0202FC7}.Release_Eng_Ver|Win32.Build.0 = Release_Eng_Ver|Win32
		{0845871B-819D-4D69-B9EE-E26CD0202FC7}.Release_Eng_Version|Win32.ActiveCfg = Release_Eng_Ver|Win32
		{0845871B-819D-4D69-B9EE-E26CD0202FC7}.Release_Eng_Version|Win32.Build.0 = Release_Eng_Ver|Win32
		{0845871B-819D-4D69-B9EE-E26CD0202FC7}.Release|Win32.ActiveCfg = Release|Win32
		{0845871B-819D-4D69-B9EE-E26CD0202FC7}.Release|Win32.Build.0 = Release|Win32
		{5E4F6984-CE82-4FA8-87AF-5594B94D8D32}.Debug_Eng_Ver|Win32.ActiveCfg = Debug_Eng_Ver|Win32
		{5E4F6984-CE82-4FA8-87AF-5594B94D8D32}.Debug_Eng_Ver|Win32.Build.0 = Debug_Eng_Ver|Win32
		{5E4F6984-CE82-4FA8-87AF-5594B94D8D32}.Debug_Eng_Version|Win32.ActiveCfg = Debug_Eng_Ver|Win32
		{5E4F6984-CE82-4FA8-87AF-5594B94D8D32}.Debug_Eng_Version|Win32.Build.0 = Debug_Eng_Ver|Win32
		{5E4F6984-CE82-4FA8-87AF-5594B94D8D32}.Debug|Win32.ActiveCfg = Debug|Win32
		{5E4F6984-CE82-4FA8-87AF-5594B94D8D32}.Debug|Win32.Build.0 = Debug|Win32
		{5E4F6984-CE82-4FA8-87AF-5594B94D8D32}.Release_Eng_Ver|Win32.ActiveCfg = Release_Eng_Ver|Win32
		{5E4F6984-CE82-4FA8-87AF-5594B94D8D32}.Release_Eng_Ver|Win32.Build.0 = Release_Eng_Ver|Win32
		{5E4F6984-CE82-4FA8-87AF-5594B94D8D32}.Release_Eng_Version|Win32.ActiveCfg = Release_Eng_Ver|Win32
		{5E4F6984-CE82-4FA8-87AF-5594B94D8D32}.Release_Eng_Version|Win32.Build.0 = Release_Eng_Ver|Win32
		{5E4F6984-CE82-4FA8-87AF-5594B94D8D32}.Release|Win32.ActiveCfg = Release|Win32
		{5E4F6984-CE82-4FA8-87AF-5594B94D8D32}.Release|Win32.Build.0 = Release|Win32
		{61E8B92C-8FB1-4C8E-A644-11EC99A0287F}.Debug_Eng_Ver|Win32.ActiveCfg = Debug_Eng_Ver|Win32
		{61E8B92C-8FB1-4C8E-A644-11EC99A0287F}.Debug_Eng_Ver|Win32.Build.0 = Debug_Eng_Ver|Win32
		{61E8B92C-8FB1-4C8E-A644-11EC99A0287F}.Debug_Eng_Version|Win32.ActiveCfg = Debug_Eng_Ver|Win32
		{61E8B92C-8FB1-4C8E-A644-11EC99A0287F}.Debug_Eng_Version|Win32.Build.0 = Debug_Eng_Ver|Win32
		{61E8B92C-8FB1-4C8E-A644-11EC99A0287F}.Debug|Win32.ActiveCfg = Debug|Win32
		{61E8B92C-8FB1-4C8E-A644-11EC99A0287F}.Debug|Win32.Build.0 = Debug|Win32
		{61E8B92C-8FB1-4C8E-A644-11EC99A0287F}.Release_Eng_Ver|Win32.ActiveCfg = Release_Eng_Ver|Win32
		{61E8B92C-8FB1-4C8E-A644-11EC99A0287F}.Release_Eng_Ver|Win32.Build.0 = Release_Eng_Ver|Win32
		{61E8B92C-8FB1-4C8E-A644-11EC99A0287F}.Release_Eng_Version|Win32.ActiveCfg = Release_Eng_Ver|Win32
		{61E8B92C-8FB1-4C8E-A644-11EC99A0287F}.Release_Eng_Version|Win32.Build.0 = Release_Eng_Ver|Win32
		{61E8B92C-8FB1-4C8E-A644-11EC99A0287F}.Release|Win32.ActiveCfg = Release|Win32
		{61E8B92C-8FB1-4C8E-A644-11EC99A0287F}.Release|Win32.Build.0 = Release|Win32
		{0D497BD1-095F-4E7B-95F3-855FA8180817}.Debug_Eng_Ver|Win32.ActiveCfg = Debug_Eng_Ver|Win32
		{0D497BD1-095F-4E7B-95F3-855FA8180817}.Debug_Eng_Ver|Win32.Build.0 = Debug_Eng_Ver|Win32
		{0D497BD1-095F-4E7B-95F3-855FA8180817}.Debug_Eng_Version|Win32.ActiveCfg = Debug_Eng_Ver|Win32
		{0D497BD1-095F-4E7B-95F3-855FA8180817}.Debug_Eng_Version|Win32.Build.0 = Debug_Eng_Ver|Win32
		{0D497BD1-095F-4E7B-95F3-855FA8180817}.Debug|Win32.ActiveCfg = Debug|Win32
		{0D497BD1-095F-4E7B-95F3-855FA8180817}.Debug|Win32.Build.0 = Debug|Win32
		{0D497BD1-095F-4E7B-95F3-855FA8180817}.Release_Eng_Ver|Win32.ActiveCfg = Release_Eng_Ver|Win32
		{0D497BD1-095F-4E7B-95F3-855FA8180817}.Release_Eng_Ver|Win32.Build.0 = Release_Eng_Ver|Win32
		{0D497BD1-095F-4E7B-95F3-855FA8180817}.Release_Eng_Version|Win32.ActiveCfg = Release_Eng_Ver|Win32
		{0D497BD1-095F-4E7B-95F3-855FA8180817}.Release_Eng_Version|Win32.Build.0 = Release_Eng_Ver|Win32
		{0D497BD1-095F-4E7B-95F3-855FA8180817}.Release|Win32.ActiveCfg = Release|Win32
		{0D497BD1-095F-4E7B-95F3-855FA8180817}.Release|Win32.Build.0 = Release|Win32
		{A15670D5-8132-4068-BD0F-B44592352B53}.Debug_Eng_Ver|Win32.ActiveCfg = Debug_Eng_Ver|Win32
		{A15670D5-8132-4068-BD0F-B44592352B53}.Debug_Eng_Ver|Win32.Build.0 = Debug_Eng_Ver|Win32
		{A15670D5-8132-4068-BD0F-B44592352B53}.Debug_Eng_Version|Win32.ActiveCfg = Debug_Eng_Ver|Win32
		{A15670D5-8132-4068-BD0F-B44592352B53}.Debug_Eng_Version|Win32.Build.0 = Debug_Eng_Ver|Win32
		{A15670D5-8132-4068-BD0F-B44592352B53}.Debug|Win32.ActiveCfg = Debug|Win32
		{A15670D5-8132-4068-BD0F-B44592352B53}.Debug|Win32.Build.0 = Debug|Win32
		{A15670D5-8132-4068-BD0F-B44592352B53}.Release_Eng_Ver|Win32.ActiveCfg = Release_Eng_Ver|Win32
		{A15670D5-8132-4068-BD0F-B44592352B53}.Release_Eng_Ver|Win32.Build.0 = Release_Eng_Ver|Win32
		{A15670D5-8132-4068-BD0F-B44592352B53}.Release_Eng_Version|Win32.ActiveCfg = Release_Eng_Ver|Win32
		{A15670D5-8132-4068-BD0F-B44592352B53}.Release_Eng_Version|Win32.Build.0 = Release_Eng_Ver|Win32
		{A15670D5-8132-4068-BD0F-B44592352B53}.Release|Win32.ActiveCfg = Release|Win32
		{A15670D5-8132-4068-BD0F-B44592352B53}.Release|Win32.Build.0 = Release|Win32
		{C8CAC62F-ED3A-49FA-B307-A27EEA4A7351}.Debug_Eng_Ver|Win32.ActiveCfg = Debug_Eng_Ver|Win32
		{C8CAC62F-ED3A-49FA-B307-A27EEA4A7351}.Debug_Eng_Ver|Win32.Build.0 = Debug_Eng_Ver|Win32
		{C8CAC62F-ED3A-49FA-B307-A27EEA4A7351}.Debug_Eng_Version|Win32.ActiveCfg = Debug_Eng_Version|Win32
		{C8CAC62F-ED3A-49FA-B307-A27EEA4A7351}.Debug_Eng_Version|Win32.Build.0 = Debug_Eng_Version|Win32
		{C8CAC62F-ED3A-49FA-B307-A27EEA4A7351}.Debug|Win32.ActiveCfg = Debug|Win32
		{C8CAC62F-ED3A-49FA-B307-A27EEA4A7351}.Debug|Win32.Build.0 = Debug|Win32
		{C8CAC62F-ED3A-49FA-B307-A27EEA4A7351}.Release_Eng_Ver|Win32.ActiveCfg = Release_Eng_Ver|Win32
		{C8CAC62F-ED3A-49FA-B307-A27EEA4A7351}.Release_Eng_Ver|Win32.Build.0 = Release_Eng_Ver|Win32
		{C8CAC62F-ED3A-49FA-B307-A27EEA4A7351}.Release_Eng_Version|Win32.ActiveCfg = Release_Eng_Version|Win32
		{C8CAC62F-ED3A-49FA-B307-A27EEA4A7351}.Release_Eng_Version|Win32.Build.0 = Release_Eng_Version|Win32
		{C8CAC62F-ED3A-49FA-B307-A27EEA4A7351}.Release|Win32.ActiveCfg = Release|Win32
		{C8CAC62F-ED3A-49FA-B307-A27EEA4A7351}.Release|Win32.Build.0 = Release|Win32
		{616243B7-4842-403B-B2B9-D2A3DDBDCC37}.Debug_Eng_Ver|Win32.ActiveCfg = Debug_Eng_Ver|Win32
		{616243B7-4842-403B-B2B9-D2A3DDBDCC37}.Debug_Eng_Ver|Win32.Build.0 = Debug_Eng_Ver|Win32
		{616243B7-4842-403B-B2B9-D2A3DDBDCC37}.Debug_Eng_Version|Win32.ActiveCfg = Debug_Eng_Ver|Win32
		{616243B7-4842-403B-B2B9-D2A3DDBDCC37}.Debug_Eng_Version|Win32.Build.0 = Debug_Eng_Ver|Win32
		{616243B7-4842-403B-B2B9-D2A3DDBDCC37}.Debug|Win32.ActiveCfg = Debug|Win32
		{616243B7-4842-403B-B2B9-D2A3DDBDCC37}.Debug|Win32.Build.0 = Debug|Win32
		{616243B7-4842-403B-B2B9-D2A3DDBDCC37}.Release_Eng_Ver|Win32.ActiveCfg = Release_Eng_Ver|Win32
		{616243B7-4842-403B-B2B9-D2A3DDBDCC37}.Release_Eng_Ver|Win32.Build.0 = Release_Eng_Ver|Win32
		{616243B7-4842-403B-B2B9-D2A3DDBDCC37}.Release_Eng_Version|Win32.ActiveCfg = Release_Eng_Ver|Win32
		{616243B7-4842-403B-B2B9-D2A3DDBDCC37}.Release_Eng_Version|Win32.Build.0 = Release_Eng_Ver|Win32
		{616243B7-4842-403B-B2B9-D2A3DDBDCC37}.Release|Win32.ActiveCfg = Release|Win32
		{616243B7-4842-403B-B2B9-D2A3DDBDCC37}.Release|Win32.Build.0 = Release|Win32
		{7FC6F92A-06D3-4AE1-971D-4A71DC6F0671}.Debug_Eng_Ver|Win32.ActiveCfg = Debug_Eng_Ver|Win32
		{7FC6F92A-06D3-4AE1-971D-4A71DC6F0671}.Debug_Eng_Ver|Win32.Build.0 = Debug_Eng_Ver|Win32
		{7FC6F92A-06D3-4AE1-971D-4A71DC6F0671}.Debug_Eng_Version|Win32.ActiveCfg = Debug_Eng_Ver|Win32
		{7FC6F92A-06D3-4AE1-971D-4A71DC6F0671}.Debug_Eng_Version|Win32.Build.0 = Debug_Eng_Ver|Win32
		{7FC6F92A-06D3-4AE1-971D-4A71DC6F0671}.Debug|Win32.ActiveCfg = Debug|Win32
		{7FC6F92A-06D3-4AE1-971D-4A71DC6F0671}.Debug|Win32.Build.0 = Debug|Win32
		{7FC6F92A-06D3-4AE1-971D-4A71DC6F0671}.Release_Eng_Ver|Win32.ActiveCfg = Release_Eng_Ver|Win32
		{7FC6F92A-06D3-4AE1-971D-4A71DC6F0671}.Release_Eng_Ver|Win32.Build.0 = Release_Eng_Ver|Win32
		{7FC6F92A-06D3-4AE1-971D-4A71DC6F0671}.Release_Eng_Version|Win32.ActiveCfg = Release_Eng_Ver|Win32
		{7FC6F92A-06D3-4AE1-971D-4A71DC6F0671}.Release_Eng_Version|Win32.Build.0 = Release_Eng_Ver|Win32
		{7FC6F92A-06D3-4AE1-971D-4A71DC6F0671}.Release|Win32.ActiveCfg = Release|Win32
		{7FC6F92A-06D3-4AE1-971D-4A71DC6F0671}.Release|Win32.Build.0 = Release|Win32
		{E67F2124-3CB6-4F43-84AE-1ADD1C13A58B}.Debug_Eng_Ver|Win32.ActiveCfg = Debug_Eng_Ver|Win32
		{E67F2124-3CB6-4F43-84AE-1ADD1C13A58B}.Debug_Eng_Ver|Win32.Build.0 = Debug_Eng_Ver|Win32
		{E67F2124-3CB6-4F43-84AE-1ADD1C13A58B}.Debug_Eng_Version|Win32.ActiveCfg = Debug_Eng_Version|Win32
		{E67F2124-3CB6-4F43-84AE-1ADD1C13A58B}.Debug_Eng_Version|Win32.Build.0 = Debug_Eng_Version|Win32
		{E67F2124-3CB6-4F43-84AE-1ADD1C13A58B}.Debug|Win32.ActiveCfg = Debug|Win32
		{E67F2124-3CB6-4F43-84AE-1ADD1C13A58B}.Debug|Win32.Build.0 = Debug|Win32
		{E67F2124-3CB6-4F43-84AE-1ADD1C13A58B}.Release_Eng_Ver|Win32.ActiveCfg = Release_Eng_Ver|Win32
		{E67F2124-3CB6-4F43-84AE-1ADD1C13A58B}.Release_Eng_Ver|Win32.Build.0 = Release_Eng_Ver|Win32
		{E67F2124-3CB6-4F43-84AE-1ADD1C13A58B}.Release_Eng_Version|Win32.ActiveCfg = Release_Eng_Version|Win32
		{E67F2124-3CB6-4F43-84AE-1ADD1C13A58B}.Release_Eng_Version|Win32.Build.0 = Release_Eng_Version|Win32
		{E67F2124-3CB6-4F43-84AE-1ADD1C13A58B}.Release|Win32.ActiveCfg = Release|Win32
		{E67F2124-3CB6-4F43-84AE-1ADD1C13A58B}.Release|Win32.Build.0 = Release|Win32
		{344D57B2-3A91-4ADA-8D4B-8FCCFBB30D16}.Debug_Eng_Ver|Win32.ActiveCfg = Debug_Eng_Ver|Win32
		{344D57B2-3A91-4ADA-8D4B-8FCCFBB30D16}.Debug_Eng_Ver|Win32.Build.0 = Debug_Eng_Ver|Win32
		{344D57B2-3A91-4ADA-8D4B-8FCCFBB30D16}.Debug_Eng_Version|Win32.ActiveCfg = Debug_Eng_Version|Win32
		{344D57B2-3A91-4ADA-8D4B-8FCCFBB30D16}.Debug_Eng_Version|Win32.Build.0 = Debug_Eng_Version|Win32
		{344D57B2-3A91-4ADA-8D4B-8FCCFBB30D16}.Debug|Win32.ActiveCfg = Debug|Win32
		{344D57B2-3A91-4ADA-8D4B-8FCCFBB30D16}.Debug|Win32.Build.0 = Debug|Win32
		{344D57B2-3A91-4ADA-8D4B-8FCCFBB30D16}.Release_Eng_Ver|Win32.ActiveCfg = Release_Eng_Ver|Win32
		{344D57B2-3A91-4ADA-8D4B-8FCCFBB30D16}.Release_Eng_Ver|Win32.Build.0 = Release_Eng_Ver|Win32
		{344D57B2-3A91-4ADA-8D4B-8FCCFBB30D16}.Release_Eng_Version|Win32.ActiveCfg = Release_Eng_Version|Win32
		{344D57B2-3A91-4ADA-8D4B-8FCCFBB30D16}.Release_Eng_Version|Win32.Build.0 = Release_Eng_Version|Win32
		{344D57B2-3A91-4ADA-8D4B-8FCCFBB30D16}.Release|Win32.ActiveCfg = Release|Win32
		{344D57B2-3A91-4ADA-8D4B-8FCCFBB30D16}.Release|Win32.Build.0 = Release|Win32
		{E0FBA24A-6709-47E3-9B5D-6B88DC4F634F}.Debug_Eng_Ver|Win32.ActiveCfg = Debug_Eng_Ver|Win32
		{E0FBA24A-6709-47E3-9B5D-6B88DC4F634F}.Debug_Eng_Ver|Win32.Build.0 = Debug_Eng_Ver|Win32
		{E0FBA24A-6709-47E3-9B5D-6B88DC4F634F}.Debug_Eng_Version|Win32.ActiveCfg = Debug_Eng_Ver|Win32
		{E0FBA24A-6709-47E3-9B5D-6B88DC4F634F}.Debug_Eng_Version|Win32.Build.0 = Debug_Eng_Ver|Win32
		{E0FBA24A-6709-47E3-9B5D-6B88DC4F634F}.Debug|Win32.ActiveCfg = Debug|Win32
		{E0FBA24A-6709-47E3-9B5D-6B88DC4F634F}.Debug|Win32.Build.0 = Debug|Win32
		{E0FBA24A-6709-47E3-9B5D-6B88DC4F634F}.Release_Eng_Ver|Win32.ActiveCfg = Release_Eng_Ver|Win32
		{E0FBA24A-6709-47E3-9B5D-6B88DC4F634F}.Release_Eng_Ver|Win32.Build.0 = Release_Eng_Ver|Win32
		{E0FBA24A-6709-47E3-9B5D-6B88DC4F634F}.Release_Eng_Version|Win32.ActiveCfg = Release_Eng_Ver|Win32
		{E0FBA24A-6709-47E3-9B5D-6B88DC4F634F}.Release_Eng_Version|Win32.Build.0 = Release_Eng_Ver|Win32
		{E0FBA24A-6709-47E3-9B5D-6B88DC4F634F}.Release|Win32.ActiveCfg = Release|Win32
		{E0FBA24A-6709-47E3-9B5D-6B88DC4F634F}.Release|Win32.Build.0 = Release|Win32
		{F6E1D223-21FE-4580-BB1F-4B666798F225}.Debug_Eng_Ver|Win32.ActiveCfg = Debug_Eng_Ver|Win32
		{F6E1D223-21FE-4580-BB1F-4B666798F225}.Debug_Eng_Ver|Win32.Build.0 = Debug_Eng_Ver|Win32
		{F6E1D223-21FE-4580-BB1F-4B666798F225}.Debug_Eng_Version|Win32.ActiveCfg = Debug_Eng_Version|Win32
		{F6E1D223-21FE-4580-BB1F-4B666798F225}.Debug_Eng_Version|Win32.Build.0 = Debug_Eng_Version|Win32
		{F6E1D223-21FE-4580-BB1F-4B666798F225}.Debug|Win32.ActiveCfg = Debug|Win32
		{F6E1D223-21FE-4580-BB1F-4B666798F225}.Debug|Win32.Build.0 = Debug|Win32
		{F6E1D223-21FE-4580-BB1F-4B666798F225}.Release_Eng_Ver|Win32.ActiveCfg = Release_Eng_Ver|Win32
		{F6E1D223-21FE-4580-BB1F-4B666798F225}.Release_Eng_Ver|Win32.Build.0 = Release_Eng_Ver|Win32
		{F6E1D223-21FE-4580-BB1F-4B666798F225}.Release_Eng_Version|Win32.ActiveCfg = Release_Eng_Version|Win32
		{F6E1D223-21FE-4580-BB1F-4B666798F225}.Release_Eng_Version|Win32.Build.0 = Release_Eng_Version|Win32
		{F6E1D223-21FE-4580-BB1F-4B666798F225}.Release|Win32.ActiveCfg = Release|Win32
		{F6E1D223-21FE-4580-BB1F-4B666798F225}.Release|Win32.Build.0 = Release|Win32
		{6FB74B56-DD94-49A0-9CE8-46622026EB05}.Debug_Eng_Ver|Win32.ActiveCfg = Debug_Eng_Ver|Win32
		{6FB74B56-DD94-49A0-9CE8-46622026EB05}.Debug_Eng_Ver|Win32.Build.0 = Debug_Eng_Ver|Win32
		{6FB74B56-DD94-49A0-9CE8-46622026EB05}.Debug_Eng_Version|Win32.ActiveCfg = Debug_Eng_Version|Win32
		{6FB74B56-DD94-49A0-9CE8-46622026EB05}.Debug_Eng_Version|Win32.Build.0 = Debug_Eng_Version|Win32
		{6FB74B56-DD94-49A0-9CE8-46622026EB05}.Debug|Win32.ActiveCfg = Debug|Win32
		{6FB74B56-DD94-49A0-9CE8-46622026EB05}.Debug|Win32.Build.0 = Debug|Win32
		{6FB74B56-DD94-49A0-9CE8-46622026EB05}.Release_Eng_Ver|Win32.ActiveCfg = Release_Eng_Ver|Win32
		{6FB74B56-DD94-49A0-9CE8-46622026EB05}.Release_Eng_Ver|Win32.Build.0 = Release_Eng_Ver|Win32
		{6FB74B56-DD94-49A0-9CE8-46622026EB05}.Release_Eng_Version|Win32.ActiveCfg = Release_Eng_Version|Win32
		{6FB74B56-DD94-49A0-9CE8-46622026EB05}.Release_Eng_Version|Win32.Build.0 = Release_Eng_Version|Win32
		{6FB74B56-DD94-49A0-9CE8-46622026EB05}.Release|Win32.ActiveCfg = Release|Win32
		{6FB74B56-DD94-49A0-9CE8-46622026EB05}.Release|Win32.Build.0 = Release|Win32
		{F6D8EFAC-5F63-421D-AF07-7940D224D4A7}.Debug_Eng_Ver|Win32.ActiveCfg = Debug_Eng_Ver|Win32
		{F6D8EFAC-5F63-421D-AF07-7940D224D4A7}.Debug_Eng_Ver|Win32.Build.0 = Debug_Eng_Ver|Win32
		{F6D8EFAC-5F63-421D-AF07-7940D224D4A7}.Debug_Eng_Version|Win32.ActiveCfg = Debug_Eng_Version|Win32
		{F6D8EFAC-5F63-421D-AF07-7940D224D4A7}.Debug_Eng_Version|Win32.Build.0 = Debug_Eng_Version|Win32
		{F6D8EFAC-5F63-421D-AF07-7940D224D4A7}.Debug|Win32.ActiveCfg = Debug|Win32
		{F6D8EFAC-5F63-421D-AF07-7940D224D4A7}.Debug|Win32.Build.0 = Debug|Win32
		{F6D8EFAC-5F63-421D-AF07-7940D224D4A7}.Release_Eng_Ver|Win32.ActiveCfg = Release_Eng_Ver|Win32
		{F6D8EFAC-5F63-421D-AF07-7940D224D4A7}.Release_Eng_Ver|Win32.Build.0 = Release_Eng_Ver|Win32
		{F6D8EFAC-5F63-421D-AF07-7940D224D4A7}.Release_Eng_Version|Win32.ActiveCfg = Release_Eng_Version|Win32
		{F6D8EFAC-5F63-421D-AF07-7940D224D4A7}.Release_Eng_Version|Win32.Build.0 = Release_Eng_Version|Win32
		{F6D8EFAC-5F63-421D-AF07-7940D224D4A7}.Release|Win32.ActiveCfg = Release|Win32
		{F6D8EFAC-5F63-421D-AF07-7940D224D4A7}.Release|Win32.Build.0 = Release|Win32
		{B6115C5F-F947-48F6-BDEA-9BC459ACD9C6}.Debug_Eng_Ver|Win32.ActiveCfg = Debug_Eng_Ver|Win32
		{B6115C5F-F947-48F6-BDEA-9BC459ACD9C6}.Debug_Eng_Ver|Win32.Build.0 = Debug_Eng_Ver|Win32
		{B6115C5F-F947-48F6-BDEA-9BC459ACD9C6}.Debug_Eng_Version|Win32.ActiveCfg = Debug_Eng_Ver|Win32
		{B6115C5F-F947-48F6-BDEA-9BC459ACD9C6}.Debug_Eng_Version|Win32.Build.0 = Debug_Eng_Ver|Win32
		{B6115C5F-F947-48F6-BDEA-9BC459ACD9C6}.Debug|Win32.ActiveCfg = Debug|Win32
		{B6115C5F-F947-48F6-BDEA-9BC459ACD9C6}.Debug|Win32.Build.0 = Debug|Win32
		{B6115C5F-F947-48F6-BDEA-9BC459ACD9C6}.Release_Eng_Ver|Win32.ActiveCfg = Release_Eng_Ver|Win32
		{B6115C5F-F947-48F6-BDEA-9BC459ACD9C6}.Release_Eng_Ver|Win32.Build.0 = Release_Eng_Ver|Win32
		{B6115C5F-F947-48F6-BDEA-9BC459ACD9C6}.Release_Eng_Version|Win32.ActiveCfg = Release_Eng_Ver|Win32
		{B6115C5F-F947-48F6-BDEA-9BC459ACD9C6}.Release_Eng_Version|Win32.Build.0 = Release_Eng_Ver|Win32
		{B6115C5F-F947-48F6-BDEA-9BC459ACD9C6}.Release|Win32.ActiveCfg = Release|Win32
		{B6115C5F-F947-48F6-BDEA-9BC459ACD9C6}.Release|Win32.Build.0 = Release|Win32
		{E09112DD-7349-40EF-BB20-24B48F070FEB}.Debug_Eng_Ver|Win32.ActiveCfg = Debug_Eng_Ver|Win32
		{E09112DD-7349-40EF-BB20-24B48F070FEB}.Debug_Eng_Ver|Win32.Build.0 = Debug_Eng_Ver|Win32
		{E09112DD-7349-40EF-BB20-24B48F070FEB}.Debug_Eng_Version|Win32.ActiveCfg = Debug_Eng_Ver|Win32
		{E09112DD-7349-40EF-BB20-24B48F070FEB}.Debug_Eng_Version|Win32.Build.0 = Debug_Eng_Ver|Win32
		{E09112DD-7349-40EF-BB20-24B48F070FEB}.Debug|Win32.ActiveCfg = Debug|Win32
		{E09112DD-7349-40EF-BB20-24B48F070FEB}.Debug|Win32.Build.0 = Debug|Win32
		{E09112DD-7349-40EF-BB20-24B48F070FEB}.Release_Eng_Ver|Win32.ActiveCfg = Release_Eng_Ver|Win32
		{E09112DD-7349-40EF-BB20-24B48F070FEB}.Release_Eng_Ver|Win32.Build.0 = Release_Eng_Ver|Win32
		{E09112DD-7349-40EF-BB20-24B48F070FEB}.Release_Eng_Version|Win32.ActiveCfg = Release_Eng_Ver|Win32
		{E09112DD-7349-40EF-BB20-24B48F070FEB}.Release_Eng_Version|Win32.Build.0 = Release_Eng_Ver|Win32
		{E09112DD-7349-40EF-BB20-24B48F070FEB}.Release|Win32.ActiveCfg = Release|Win32
		{E09112DD-7349-40EF-BB20-24B48F070FEB}.Release|Win32.Build.0 = Release|Win32
		{D2F0D223-7AE6-46C8-AC58-D736B90AEAF9}.Debug_Eng_Ver|Win32.ActiveCfg = Debug_Eng_Ver|Win32
		{D2F0D223-7AE6-46C8-AC58-D736B90AEAF9}.Debug_Eng_Ver|Win32.Build.0 = Debug_Eng_Ver|Win32
		{D2F0D223-7AE6-46C8-AC58-D736B90AEAF9}.Debug_Eng_Version|Win32.ActiveCfg = Debug_Eng_Version|Win32
		{D2F0D223-7AE6-46C8-AC58-D736B90AEAF9}.Debug_Eng_Version|Win32.Build.0 = Debug_Eng_Version|Win32
		{D2F0D223-7AE6-46C8-AC58-D736B90AEAF9}.Debug|Win32.ActiveCfg = Debug|Win32
		{D2F0D223-7AE6-46C8-AC58-D736B90AEAF9}.Debug|Win32.Build.0 = Debug|Win32
		{D2F0D223-7AE6-46C8-AC58-D736B90AEAF9}.Release_Eng_Ver|Win32.ActiveCfg = Release_Eng_Ver|Win32
		{D2F0D223-7AE6-46C8-AC58-D736B90AEAF9}.Release_Eng_Ver|Win32.Build.0 = Release_Eng_Ver|Win32
		{D2F0D223-7AE6-46C8-AC58-D736B90AEAF9}.Release_Eng_Version|Win32.ActiveCfg = Release_Eng_Version|Win32
		{D2F0D223-7AE6-46C8-AC58-D736B90AEAF9}.Release_Eng_Version|Win32.Build.0 = Release_Eng_Version|Win32
		{D2F0D223-7AE6-46C8-AC58-D736B90AEAF9}.Release|Win32.ActiveCfg = Release|Win32
		{D2F0D223-7AE6-46C8-AC58-D736B90AEAF9}.Release|Win32.Build.0 = Release|Win32
		{4413CA97-30EC-402D-A286-8520529E69F3}.Debug_Eng_Ver|Win32.ActiveCfg = Debug_Eng_Ver|Win32
		{4413CA97-30EC-402D-A286-8520529E69F3}.Debug_Eng_Ver|Win32.Build.0 = Debug_Eng_Ver|Win32
		{4413CA97-30EC-402D-A286-8520529E69F3}.Debug_Eng_Version|Win32.ActiveCfg = Debug_Eng_Ver|Win32
		{4413CA97-30EC-402D-A286-8520529E69F3}.Debug_Eng_Version|Win32.Build.0 = Debug_Eng_Ver|Win32
		{4413CA97-30EC-402D-A286-8520529E69F3}.Debug|Win32.ActiveCfg = Debug|Win32
		{4413CA97-30EC-402D-A286-8520529E69F3}.Debug|Win32.Build.0 = Debug|Win32
		{4413CA97-30EC-402D-A286-8520529E69F3}.Release_Eng_Ver|Win32.ActiveCfg = Release_Eng_Ver|Win32
		{4413CA97-30EC-402D-A286-8520529E69F3}.Release_Eng_Ver|Win32.Build.0 = Release_Eng_Ver|Win32
		{4413CA97-30EC-402D-A286-8520529E69F3}.Release_Eng_Version|Win32.ActiveCfg = Release_Eng_Ver|Win32
		{4413CA97-30EC-402D-A286-8520529E69F3}.Release_Eng_Version|Win32.Build.0 = Release_Eng_Ver|Win32
		{4413CA97-30EC-402D-A286-8520529E69F3}.Release|Win32.ActiveCfg = Release|Win32
		{4413CA97-30EC-402D-A286-8520529E69F3}.Release|Win32.Build.0 = Release|Win32
		{46F68321-09A2-4C2C-A598-996BDBE2ABE4}.Debug_Eng_Ver|Win32.ActiveCfg = Debug_Eng_Ver|Win32
		{46F68321-09A2-4C2C-A598-996BDBE2ABE4}.Debug_Eng_Ver|Win32.Build.0 = Debug_Eng_Ver|Win32
		{46F68321-09A2-4C2C-A598-996BDBE2ABE4}.Debug_Eng_Version|Win32.ActiveCfg = Debug_Eng_Ver|Win32
		{46F68321-09A2-4C2C-A598-996BDBE2ABE4}.Debug_Eng_Version|Win32.Build.0 = Debug_Eng_Ver|Win32
		{46F68321-09A2-4C2C-A598-996BDBE2ABE4}.Debug|Win32.ActiveCfg = Debug|Win32
		{46F68321-09A2-4C2C-A598-996BDBE2ABE4}.Debug|Win32.Build.0 = Debug|Win32
		{46F68321-09A2-4C2C-A598-996BDBE2ABE4}.Release_Eng_Ver|Win32.ActiveCfg = Release_Eng_Ver|Win32
		{46F68321-09A2-4C2C-A598-996BDBE2ABE4}.Release_Eng_Ver|Win32.Build.0 = Release_Eng_Ver|Win32
		{46F68321-09A2-4C2C-A598-996BDBE2ABE4}.Release_Eng_Version|Win32.ActiveCfg = Release_Eng_Ver|Win32
		{46F68321-09A2-4C2C-A598-996BDBE2ABE4}.Release_Eng_Version|Win32.Build.0 = Release_Eng_Ver|Win32
		{46F68321-09A2-4C2C-A598-996BDBE2ABE4}.Release|Win32.ActiveCfg = Release|Win32
		{46F68321-09A2-4C2C-A598-996BDBE2ABE4}.Release|Win32.Build.0 = Release|Win32
		{A6B99D20-CB42-4F7A-8611-F92F9012CA82}.Debug_Eng_Ver|Win32.ActiveCfg = Debug_Eng_Ver|Win32
		{A6B99D20-CB42-4F7A-8611-F92F9012CA82}.Debug_Eng_Ver|Win32.Build.0 = Debug_Eng_Ver|Win32
		{A6B99D20-CB42-4F7A-8611-F92F9012CA82}.Debug_Eng_Version|Win32.ActiveCfg = Debug_Eng_Ver|Win32
		{A6B99D20-CB42-4F7A-8611-F92F9012CA82}.Debug_Eng_Version|Win32.Build.0 = Debug_Eng_Ver|Win32
		{A6B99D20-CB42-4F7A-8611-F92F9012CA82}.Debug|Win32.ActiveCfg = Debug|Win32
		{A6B99D20-CB42-4F7A-8611-F92F9012CA82}.Debug|Win32.Build.0 = Debug|Win32
		{A6B99D20-CB42-4F7A-8611-F92F9012CA82}.Release_Eng_Ver|Win32.ActiveCfg = Release_Eng_Ver|Win32
		{A6B99D20-CB42-4F7A-8611-F92F9012CA82}.Release_Eng_Ver|Win32.Build.0 = Release_Eng_Ver|Win32
		{A6B99D20-CB42-4F7A-8611-F92F9012CA82}.Release_Eng_Version|Win32.ActiveCfg = Release_Eng_Ver|Win32
		{A6B99D20-CB42-4F7A-8611-F92F9012CA82}.Release_Eng_Version|Win32.Build.0 = Release_Eng_Ver|Win32
		{A6B99D20-CB42-4F7A-8611-F92F9012CA82}.Release|Win32.ActiveCfg = Release|Win32
		{A6B99D20-CB42-4F7A-8611-F92F9012CA82}.Release|Win32.Build.0 = Release|Win32
		{6CB3E137-2A94-4934-948F-119ADDD72459}.Debug_Eng_Ver|Win32.ActiveCfg = Debug_Eng_Ver|Win32
		{6CB3E137-2A94-4934-948F-119ADDD72459}.Debug_Eng_Ver|Win32.Build.0 = Debug_Eng_Ver|Win32
		{6CB3E137-2A94-4934-948F-119ADDD72459}.Debug_Eng_Version|Win32.ActiveCfg = Debug_Eng_Ver|Win32
		{6CB3E137-2A94-4934-948F-119ADDD72459}.Debug_Eng_Version|Win32.Build.0 = Debug_Eng_Ver|Win32
		{6CB3E137-2A94-4934-948F-119ADDD72459}.Debug|Win32.ActiveCfg = Debug|Win32
		{6CB3E137-2A94-4934-948F-119ADDD72459}.Debug|Win32.Build.0 = Debug|Win32
		{6CB3E137-2A94-4934-948F-119ADDD72459}.Release_Eng_Ver|Win32.ActiveCfg = Release_Eng_Ver|Win32
		{6CB3E137-2A94-4934-948F-119ADDD72459}.Release_Eng_Ver|Win32.Build.0 = Release_Eng_Ver|Win32
		{6CB3E137-2A94-4934-948F-119ADDD72459}.Release_Eng_Version|Win32.ActiveCfg = Release_Eng_Ver|Win32
		{6CB3E137-2A94-4934-948F-119ADDD72459}.Release_Eng_Version|Win32.Build.0 = Release_Eng_Ver|Win32
		{6CB3E137-2A94-4934-948F-119ADDD72459}.Release|Win32.ActiveCfg = Release|Win32
		{6CB3E137-2A94-4934-948F-119ADDD72459}.Release|Win32.Build.0 = Release|Win32
		{9A0FF4AA-49D9-4270-B935-E8A111B62F6A}.Debug_Eng_Ver|Win32.ActiveCfg = Debug_Eng_Ver|Win32
		{9A0FF4AA-49D9-4270-B935-E8A111B62F6A}.Debug_Eng_Ver|Win32.Build.0 = Debug_Eng_Ver|Win32
		{9A0FF4AA-49D9-4270-B935-E8A111B62F6A}.Debug_Eng_Version|Win32.ActiveCfg = Debug_Eng_Ver|Win32
		{9A0FF4AA-49D9-4270-B935-E8A111B62F6A}.Debug_Eng_Version|Win32.Build.0 = Debug_Eng_Ver|Win32
		{9A0FF4AA-49D9-4270-B935-E8A111B62F6A}.Debug|Win32.ActiveCfg = Debug|Win32
		{9A0FF4AA-49D9-4270-B935-E8A111B62F6A}.Debug|Win32.Build.0 = Debug|Win32
		{9A0FF4AA-49D9-4270-B935-E8A111B62F6A}.Release_Eng_Ver|Win32.ActiveCfg = Release_Eng_Ver|Win32
		{9A0FF4AA-49D9-4270-B935-E8A111B62F6A}.Release_Eng_Ver|Win32.Build.0 = Release_Eng_Ver|Win32
		{9A0FF4AA-49D9-4270-B935-E8A111B62F6A}.Release_Eng_Version|Win32.ActiveCfg = Release_Eng_Ver|Win32
		{9A0FF4AA-49D9-4270-B935-E8A111B62F6A}.Release_Eng_Version|Win32.Build.0 = Release_Eng_Ver|Win32
		{9A0FF4AA-49D9-4270-B935-E8A111B62F6A}.Release|Win32.ActiveCfg = Release|Win32
		{9A0FF4AA-49D9-4270-B935-E8A111B62F6A}.Release|Win32.Build.0 = Release|Win32
		{397F254B-D797-495F-83DB-C8C1921ABA70}.Debug_Eng_Ver|Win32.ActiveCfg = Debug_Eng_Ver|Win32
		{397F254B-D797-495F-83DB-C8C1921ABA70}.Debug_Eng_Ver|Win32.Build.0 = Debug_Eng_Ver|Win32
		{397F254B-D797-495F-83DB-C8C1921ABA70}.Debug_Eng_Version|Win32.ActiveCfg = Debug_Eng_Ver|Win32
		{397F254B-D797-495F-83DB-C8C1921ABA70}.Debug_Eng_Version|Win32.Build.0 = Debug_Eng_Ver|Win32
		{397F254B-D797-495F-83DB-C8C1921ABA70}.Debug|Win32.ActiveCfg = Debug|Win32
		{397F254B-D797-495F-83DB-C8C1921ABA70}.Debug|Win32.Build.0 = Debug|Win32
		{397F254B-D797-495F-83DB-C8C1921ABA70}.Release_Eng_Ver|Win32.ActiveCfg = Release_Eng_Ver|Win32
		{397F254B-D797-495F-83DB-C8C1921ABA70}.Release_Eng_Ver|Win32.Build.0 = Release_Eng_Ver|Win32
		{397F254B-D797-495F-83DB-C8C1921ABA70}.Release_Eng_Version|Win32.ActiveCfg = Release_Eng_Ver|Win32
		{397F254B-D797-495F-83DB-C8C1921ABA70}.Release_Eng_Version|Win32.Build.0 = Release_Eng_Ver|Win32
		{397F254B-D797-495F-83DB-C8C1921ABA70}.Release|Win32.ActiveCfg = Release|Win32
		{397F254B-D797-495F-83DB-C8C1921ABA70}.Release|Win32.Build.0 = Release|Win32
		{D235893D-5B55-4CA3-AFA4-6DB1CCBF3F6D}.Debug_Eng_Ver|Win32.ActiveCfg = Debug_Eng_Ver|Win32
		{D235893D-5B55-4CA3-AFA4-6DB1CCBF3F6D}.Debug_Eng_Ver|Win32.Build.0 = Debug_Eng_Ver|Win32
		{D235893D-5B55-4CA3-AFA4-6DB1CCBF3F6D}.Debug_Eng_Version|Win32.ActiveCfg = Debug_Eng_Ver|Win32
		{D235893D-5B55-4CA3-AFA4-6DB1CCBF3F6D}.Debug_Eng_Version|Win32.Build.0 = Debug_Eng_Ver|Win32
		{D235893D-5B55-4CA3-AFA4-6DB1CCBF3F6D}.Debug|Win32.ActiveCfg = Debug|Win32
		{D235893D-5B55-4CA3-AFA4-6DB1CCBF3F6D}.Debug|Win32.Build.0 = Debug|Win32
		{D235893D-5B55-4CA3-AFA4-6DB1CCBF3F6D}.Release_Eng_Ver|Win32.ActiveCfg = Release_Eng_Ver|Win32
		{D235893D-5B55-4CA3-AFA4-6DB1CCBF3F6D}.Release_Eng_Ver|Win32.Build.0 = Release_Eng_Ver|Win32
		{D235893D-5B55-4CA3-AFA4-6DB1CCBF3F6D}.Release_Eng_Version|Win32.ActiveCfg = Release_Eng_Ver|Win32
		{D235893D-5B55-4CA3-AFA4-6DB1CCBF3F6D}.Release_Eng_Version|Win32.Build.0 = Release_Eng_Ver|Win32
		{D235893D-5B55-4CA3-AFA4-6DB1CCBF3F6D}.Release|Win32.ActiveCfg = Release|Win32
		{D235893D-5B55-4CA3-AFA4-6DB1CCBF3F6D}.Release|Win32.Build.0 = Release|Win32
		{B6E7E0C1-F8F2-44F8-AC6E-63F6ABF745AB}.Debug_Eng_Ver|Win32.ActiveCfg = Debug_Eng_Ver|Win32
		{B6E7E0C1-F8F2-44F8-AC6E-63F6ABF745AB}.Debug_Eng_Ver|Win32.Build.0 = Debug_Eng_Ver|Win32
		{B6E7E0C1-F8F2-44F8-AC6E-63F6ABF745AB}.Debug_Eng_Version|Win32.ActiveCfg = Debug_Eng_Version|Win32
		{B6E7E0C1-F8F2-44F8-AC6E-63F6ABF745AB}.Debug_Eng_Version|Win32.Build.0 = Debug_Eng_Version|Win32
		{B6E7E0C1-F8F2-44F8-AC6E-63F6ABF745AB}.Debug|Win32.ActiveCfg = Debug|Win32
		{B6E7E0C1-F8F2-44F8-AC6E-63F6ABF745AB}.Debug|Win32.Build.0 = Debug|Win32
		{B6E7E0C1-F8F2-44F8-AC6E-63F6ABF745AB}.Release_Eng_Ver|Win32.ActiveCfg = Release_Eng_Ver|Win32
		{B6E7E0C1-F8F2-44F8-AC6E-63F6ABF745AB}.Release_Eng_Ver|Win32.Build.0 = Release_Eng_Ver|Win32
		{B6E7E0C1-F8F2-44F8-AC6E-63F6ABF745AB}.Release_Eng_Version|Win32.ActiveCfg = Release_Eng_Version|Win32
		{B6E7E0C1-F8F2-44F8-AC6E-63F6ABF745AB}.Release_Eng_Version|Win32.Build.0 = Release_Eng_Version|Win32
		{B6E7E0C1-F8F2-44F8-AC6E-63F6ABF745AB}.Release|Win32.ActiveCfg = Release|Win32
		{B6E7E0C1-F8F2-44F8-AC6E-63F6ABF745AB}.Release|Win32.Build.0 = Release|Win32
		{022187C2-B773-4749-872E-7C6E51DCC332}.Debug_Eng_Ver|Win32.ActiveCfg = Debug_Eng_Ver|Win32
		{022187C2-B773-4749-872E-7C6E51DCC332}.Debug_Eng_Ver|Win32.Build.0 = Debug_Eng_Ver|Win32
		{022187C2-B773-4749-872E-7C6E51DCC332}.Debug_Eng_Version|Win32.ActiveCfg = Debug_Eng_Ver|Win32
		{022187C2-B773-4749-872E-7C6E51DCC332}.Debug_Eng_Version|Win32.Build.0 = Debug_Eng_Ver|Win32
		{022187C2-B773-4749-872E-7C6E51DCC332}.Debug|Win32.ActiveCfg = Debug|Win32
		{022187C2-B773-4749-872E-7C6E51DCC332}.Debug|Win32.Build.0 = Debug|Win32
		{022187C2-B773-4749-872E-7C6E51DCC332}.Release_Eng_Ver|Win32.ActiveCfg = Release_Eng_Ver|Win32
		{022187C2-B773-4749-872E-7C6E51DCC332}.Release_Eng_Ver|Win32.Build.0 = Release_Eng_Ver|Win32
		{022187C2-B773-4749-872E-7C6E51DCC332}.Release_Eng_Version|Win32.ActiveCfg = Release_Eng_Ver|Win32
		{022187C2-B773-4749-872E-7C6E51DCC332}.Release_Eng_Version|Win32.Build.0 = Release_Eng_Ver|Win32
		{022187C2-B773-4749-872E-7C6E51DCC332}.Release|Win32.ActiveCfg = Release|Win32
		{022187C2-B773-4749-872E-7C6E51DCC332}.Release|Win32.Build.0 = Release|Win32
		{4A07AF98-8158-43B5-BDA5-1DFEB30C17B2}.Debug_Eng_Ver|Win32.ActiveCfg = Debug_Eng_Ver|Win32
		{4A07AF98-8158-43B5-BDA5-1DFEB30C17B2}.Debug_Eng_Ver|Win32.Build.0 = Debug_Eng_Ver|Win32
		{4A07AF98-8158-43B5-BDA5-1DFEB30C17B2}.Debug_Eng_Version|Win32.ActiveCfg = Debug_Eng_Ver|Win32
		{4A07AF98-8158-43B5-BDA5-1DFEB30C17B2}.Debug_Eng_Version|Win32.Build.0 = Debug_Eng_Ver|Win32
		{4A07AF98-8158-43B5-BDA5-1DFEB30C17B2}.Debug|Win32.ActiveCfg = Debug|Win32
		{4A07AF98-8158-43B5-BDA5-1DFEB30C17B2}.Debug|Win32.Build.0 = Debug|Win32
		{4A07AF98-8158-43B5-BDA5-1DFEB30C17B2}.Release_Eng_Ver|Win32.ActiveCfg = Release_Eng_Ver|Win32
		{4A07AF98-8158-43B5-BDA5-1DFEB30C17B2}.Release_Eng_Ver|Win32.Build.0 = Release_Eng_Ver|Win32
		{4A07AF98-8158-43B5-BDA5-1DFEB30C17B2}.Release_Eng_Version|Win32.ActiveCfg = Release_Eng_Ver|Win32
		{4A07AF98-8158-43B5-BDA5-1DFEB30C17B2}.Release_Eng_Version|Win32.Build.0 = Release_Eng_Ver|Win32
		{4A07AF98-8158-43B5-BDA5-1DFEB30C17B2}.Release|Win32.ActiveCfg = Release|Win32
		{4A07AF98-8158-43B5-BDA5-1DFEB30C17B2}.Release|Win32.Build.0 = Release|Win32
		{D6731BC7-9066-4C01-99BE-B42A2F391E92}.Debug_Eng_Ver|Win32.ActiveCfg = Debug_Eng_Ver|Win32
		{D6731BC7-9066-4C01-99BE-B42A2F391E92}.Debug_Eng_Version|Win32.ActiveCfg = Debug_Eng_Ver|Win32
		{D6731BC7-9066-4C01-99BE-B42A2F391E92}.Debug_Eng_Version|Win32.Build.0 = Debug_Eng_Ver|Win32
		{D6731BC7-9066-4C01-99BE-B42A2F391E92}.Debug|Win32.ActiveCfg = Debug|Win32
		{D6731BC7-9066-4C01-99BE-B42A2F391E92}.Release_Eng_Ver|Win32.ActiveCfg = Release_Eng_Ver|Win32
		{D6731BC7-9066-4C01-99BE-B42A2F391E92}.Release_Eng_Version|Win32.ActiveCfg = Release_Eng_Ver|Win32
		{D6731BC7-9066-4C01-99BE-B42A2F391E92}.Release_Eng_Version|Win32.Build.0 = Release_Eng_Ver|Win32
		{D6731BC7-9066-4C01-99BE-B42A2F391E92}.Release|Win32.ActiveCfg = Release|Win32
		{8DCEA650-F2F0-418B-A4E0-B773C7B4223A}.Debug_Eng_Ver|Win32.ActiveCfg = Debug_Eng_Ver|Win32
		{8DCEA650-F2F0-418B-A4E0-B773C7B4223A}.Debug_Eng_Ver|Win32.Build.0 = Debug_Eng_Ver|Win32
		{8DCEA650-F2F0-418B-A4E0-B773C7B4223A}.Debug_Eng_Version|Win32.ActiveCfg = Debug_Eng_Ver|Win32
		{8DCEA650-F2F0-418B-A4E0-B773C7B4223A}.Debug_Eng_Version|Win32.Build.0 = Debug_Eng_Ver|Win32
		{8DCEA650-F2F0-418B-A4E0-B773C7B4223A}.Debug|Win32.ActiveCfg = Debug|Win32
		{8DCEA650-F2F0-418B-A4E0-B773C7B4223A}.Debug|Win32.Build.0 = Debug|Win32
		{8DCEA650-F2F0-418B-A4E0-B773C7B4223A}.Release_Eng_Ver|Win32.ActiveCfg = Release_Eng_Ver|Win32
		{8DCEA650-F2F0-418B-A4E0-B773C7B4223A}.Release_Eng_Ver|Win32.Build.0 = Release_Eng_Ver|Win32
		{8DCEA650-F2F0-418B-A4E0-B773C7B4223A}.Release_Eng_Version|Win32.ActiveCfg = Release_Eng_Ver|Win32
		{8DCEA650-F2F0-418B-A4E0-B773C7B4223A}.Release_Eng_Version|Win32.Build.0 = Release_Eng_Ver|Win32
		{8DCEA650-F2F0-418B-A4E0-B773C7B4223A}.Release|Win32.ActiveCfg = Release|Win32
		{8DCEA650-F2F0-418B-A4E0-B773C7B4223A}.Release|Win32.Build.0 = Release|Win32
		{A2FEE7C3-3DAE-4CD5-8C5C-8F75F84B6F9C}.Debug_Eng_Ver|Win32.ActiveCfg = Debug_Eng_Ver|Win32
		{A2FEE7C3-3DAE-4CD5-8C5C-8F75F84B6F9C}.Debug_Eng_Ver|Win32.Build.0 = Debug_Eng_Ver|Win32
		{A2FEE7C3-3DAE-4CD5-8C5C-8F75F84B6F9C}.Debug_Eng_Version|Win32.ActiveCfg = Debug_Eng_Ver|Win32
		{A2FEE7C3-3DAE-4CD5-8C5C-8F75F84B6F9C}.Debug_Eng_Version|Win32.Build.0 = Debug_Eng_Ver|Win32
		{A2FEE7C3-3DAE-4CD5-8C5C-8F75F84B6F9C}.Debug|Win32.ActiveCfg = Debug|Win32
		{A2FEE7C3-3DAE-4CD5-8C5C-8F75F84B6F9C}.Debug|Win32.Build.0 = Debug|Win32
		{A2FEE7C3-3DAE-4CD5-8C5C-8F75F84B6F9C}.Release_Eng_Ver|Win32.ActiveCfg = Release_Eng_Ver|Win32
		{A2FEE7C3-3DAE-4CD5-8C5C-8F75F84B6F9C}.Release_Eng_Ver|Win32.Build.0 = Release_Eng_Ver|Win32
		{A2FEE7C3-3DAE-4CD5-8C5C-8F75F84B6F9C}.Release_Eng_Version|Win32.ActiveCfg = Release_Eng_Ver|Win32
		{A2FEE7C3-3DAE-4CD5-8C5C-8F75F84B6F9C}.Release_Eng_Version|Win32.Build.0 = Release_Eng_Ver|Win32
		{A2FEE7C3-3DAE-4CD5-8C5C-8F75F84B6F9C}.Release|Win32.ActiveCfg = Release|Win32
		{A2FEE7C3-3DAE-4CD5-8C5C-8F75F84B6F9C}.Release|Win32.Build.0 = Release|Win32
		{5C4298F9-F5EA-4E3E-8667-45B8D7973C1F}.Debug_Eng_Ver|Win32.ActiveCfg = Debug_Eng_Ver|Win32
		{5C4298F9-F5EA-4E3E-8667-45B8D7973C1F}.Debug_Eng_Ver|Win32.Build.0 = Debug_Eng_Ver|Win32
		{5C4298F9-F5EA-4E3E-8667-45B8D7973C1F}.Debug_Eng_Version|Win32.ActiveCfg = Debug_Eng_Ver|Win32
		{5C4298F9-F5EA-4E3E-8667-45B8D7973C1F}.Debug_Eng_Version|Win32.Build.0 = Debug_Eng_Ver|Win32
		{5C4298F9-F5EA-4E3E-8667-45B8D7973C1F}.Debug|Win32.ActiveCfg = Debug|Win32
		{5C4298F9-F5EA-4E3E-8667-45B8D7973C1F}.Debug|Win32.Build.0 = Debug|Win32
		{5C4298F9-F5EA-4E3E-8667-45B8D7973C1F}.Release_Eng_Ver|Win32.ActiveCfg = Release_Eng_Ver|Win32
		{5C4298F9-F5EA-4E3E-8667-45B8D7973C1F}.Release_Eng_Ver|Win32.Build.0 = Release_Eng_Ver|Win32
		{5C4298F9-F5EA-4E3E-8667-45B8D7973C1F}.Release_Eng_Version|Win32.ActiveCfg = Release_Eng_Ver|Win32
		{5C4298F9-F5EA-4E3E-8667-45B8D7973C1F}.Release_Eng_Version|Win32.Build.0 = Release_Eng_Ver|Win32
		{5C4298F9-F5EA-4E3E-8667-45B8D7973C1F}.Release|Win32.ActiveCfg = Release|Win32
		{5C4298F9-F5EA-4E3E-8667-45B8D7973C1F}.Release|Win32.Build.0 = Release|Win32
		{1A3F1A47-4565-4E6E-A2AA-EA19348BE4BA}.Debug_Eng_Ver|Win32.ActiveCfg = Debug_Eng_Ver|Win32
		{1A3F1A47-4565-4E6E-A2AA-EA19348BE4BA}.Debug_Eng_Ver|Win32.Build.0 = Debug_Eng_Ver|Win32
		{1A3F1A47-4565-4E6E-A2AA-EA19348BE4BA}.Debug_Eng_Version|Win32.ActiveCfg = Debug_Eng_Ver|Win32
		{1A3F1A47-4565-4E6E-A2AA-EA19348BE4BA}.Debug_Eng_Version|Win32.Build.0 = Debug_Eng_Ver|Win32
		{1A3F1A47-4565-4E6E-A2AA-EA19348BE4BA}.Debug|Win32.ActiveCfg = Debug|Win32
		{1A3F1A47-4565-4E6E-A2AA-EA19348BE4BA}.Debug|Win32.Build.0 = Debug|Win32
		{1A3F1A47-4565-4E6E-A2AA-EA19348BE4BA}.Release_Eng_Ver|Win32.ActiveCfg = Release_Eng_Ver|Win32
		{1A3F1A47-4565-4E6E-A2AA-EA19348BE4BA}.Release_Eng_Ver|Win32.Build.0 = Release_Eng_Ver|Win32
		{1A3F1A47-4565-4E6E-A2AA-EA19348BE4BA}.Release_Eng_Version|Win32.ActiveCfg = Release_Eng_Ver|Win32
		{1A3F1A47-4565-4E6E-A2AA-EA19348BE4BA}.Release_Eng_Version|Win32.Build.0 = Release_Eng_Ver|Win32
		{1A3F1A47-4565-4E6E-A2AA-EA19348BE4BA}.Release|Win32.ActiveCfg = Release|Win32
		{1A3F1A47-4565-4E6E-A2AA-EA19348BE4BA}.Release|Win32.Build.0 = Release|Win32
		{26A4D0B3-36DF-4877-9AC1-351D20033FE7}.Debug_Eng_Ver|Win32.ActiveCfg = Debug_Eng_Ver|Win32
		{26A4D0B3-36DF-4877-9AC1-351D20033FE7}.Debug_Eng_Ver|Win32.Build.0 = Debug_Eng_Ver|Win32
		{26A4D0B3-36DF-4877-9AC1-351D20033FE7}.Debug_Eng_Version|Win32.ActiveCfg = Debug_Eng_Ver|Win32
		{26A4D0B3-36DF-4877-9AC1-351D20033FE7}.Debug_Eng_Version|Win32.Build.0 = Debug_Eng_Ver|Win32
		{26A4D0B3-36DF-4877-9AC1-351D20033FE7}.Debug|Win32.ActiveCfg = Debug|Win32
		{26A4D0B3-36DF-4877-9AC1-351D20033FE7}.Debug|Win32.Build.0 = Debug|Win32
		{26A4D0B3-36DF-4877-9AC1-351D20033FE7}.Release_Eng_Ver|Win32.ActiveCfg = Release_Eng_Ver|Win32
		{26A4D0B3-36DF-4877-9AC1-351D20033FE7}.Release_Eng_Ver|Win32.Build.0 = Release_Eng_Ver|Win32
		{26A4D0B3-36DF-4877-9AC1-351D20033FE7}.Release_Eng_Version|Win32.ActiveCfg = Release_Eng_Ver|Win32
		{26A4D0B3-36DF-4877-9AC1-351D20033FE7}.Release_Eng_Version|Win32.Build.0 = Release_Eng_Ver|Win32
		{26A4D0B3-36DF-4877-9AC1-351D20033FE7}.Release|Win32.ActiveCfg = Release|Win32
		{26A4D0B3-36DF-4877-9AC1-351D20033FE7}.Release|Win32.Build.0 = Release|Win32
		{D0A72CAD-52B5-4D0B-8E37-3A8A76311400}.Debug_Eng_Ver|Win32.ActiveCfg = Debug_Eng_Ver|Win32
		{D0A72CAD-52B5-4D0B-8E37-3A8A76311400}.Debug_Eng_Ver|Win32.Build.0 = Debug_Eng_Ver|Win32
		{D0A72CAD-52B5-4D0B-8E37-3A8A76311400}.Debug_Eng_Version|Win32.ActiveCfg = Debug_Eng_Ver|Win32
		{D0A72CAD-52B5-4D0B-8E37-3A8A76311400}.Debug_Eng_Version|Win32.Build.0 = Debug_Eng_Ver|Win32
		{D0A72CAD-52B5-4D0B-8E37-3A8A76311400}.Debug|Win32.ActiveCfg = Debug|Win32
		{D0A72CAD-52B5-4D0B-8E37-3A8A76311400}.Debug|Win32.Build.0 = Debug|Win32
		{D0A72CAD-52B5-4D0B-8E37-3A8A76311400}.Release_Eng_Ver|Win32.ActiveCfg = Release_Eng_Ver|Win32
		{D0A72CAD-52B5-4D0B-8E37-3A8A76311400}.Release_Eng_Ver|Win32.Build.0 = Release_Eng_Ver|Win32
		{D0A72CAD-52B5-4D0B-8E37-3A8A76311400}.Release_Eng_Version|Win32.ActiveCfg = Release_Eng_Ver|Win32
		{D0A72CAD-52B5-4D0B-8E37-3A8A76311400}.Release_Eng_Version|Win32.Build.0 = Release_Eng_Ver|Win32
		{D0A72CAD-52B5-4D0B-8E37-3A8A76311400}.Release|Win32.ActiveCfg = Release|Win32
		{D0A72CAD-52B5-4D0B-8E37-3A8A76311400}.Release|Win32.Build.0 = Release|Win32
		{E9DB5E2F-4A20-4BC9-BFB5-C0EC233B315A}.Debug_Eng_Ver|Win32.ActiveCfg = Debug_Eng_Ver|Win32
		{E9DB5E2F-4A20-4BC9-BFB5-C0EC233B315A}.Debug_Eng_Ver|Win32.Build.0 = Debug_Eng_Ver|Win32
		{E9DB5E2F-4A20-4BC9-BFB5-C0EC233B315A}.Debug_Eng_Version|Win32.ActiveCfg = Debug_Eng_Ver|Win32
		{E9DB5E2F-4A20-4BC9-BFB5-C0EC233B315A}.Debug_Eng_Version|Win32.Build.0 = Debug_Eng_Ver|Win32
		{E9DB5E2F-4A20-4BC9-BFB5-C0EC233B315A}.Debug|Win32.ActiveCfg = Debug|Win32
		{E9DB5E2F-4A20-4BC9-BFB5-C0EC233B315A}.Debug|Win32.Build.0 = Debug|Win32
		{E9DB5E2F-4A20-4BC9-BFB5-C0EC233B315A}.Release_Eng_Ver|Win32.ActiveCfg = Release_Eng_Ver|Win32
		{E9DB5E2F-4A20-4BC9-BFB5-C0EC233B315A}.Release_Eng_Ver|Win32.Build.0 = Release_Eng_Ver|Win32
		{E9DB5E2F-4A20-4BC9-BFB5-C0EC233B315A}.Release_Eng_Version|Win32.ActiveCfg = Release_Eng_Ver|Win32
		{E9DB5E2F-4A20-4BC9-BFB5-C0EC233B315A}.Release_Eng_Version|Win32.Build.0 = Release_Eng_Ver|Win32
		{E9DB5E2F-4A20-4BC9-BFB5-C0EC233B315A}.Release|Win32.ActiveCfg = Release|Win32
		{E9DB5E2F-4A20-4BC9-BFB5-C0EC233B315A}.Release|Win32.Build.0 = Release|Win32
		{DEB4BF69-8634-4AB6-B90E-07DA00A096EA}.Debug_Eng_Ver|Win32.ActiveCfg = Debug_Eng_Ver|Win32
		{DEB4BF69-8634-4AB6-B90E-07DA00A096EA}.Debug_Eng_Ver|Win32.Build.0 = Debug_Eng_Ver|Win32
		{DEB4BF69-8634-4AB6-B90E-07DA00A096EA}.Debug_Eng_Version|Win32.ActiveCfg = Debug_Eng_Ver|Win32
		{DEB4BF69-8634-4AB6-B90E-07DA00A096EA}.Debug_Eng_Version|Win32.Build.0 = Debug_Eng_Ver|Win32
		{DEB4BF69-8634-4AB6-B90E-07DA00A096EA}.Debug|Win32.ActiveCfg = Debug|Win32
		{DEB4BF69-8634-4AB6-B90E-07DA00A096EA}.Debug|Win32.Build.0 = Debug|Win32
		{DEB4BF69-8634-4AB6-B90E-07DA00A096EA}.Release_Eng_Ver|Win32.ActiveCfg = Release_Eng_Ver|Win32
		{DEB4BF69-8634-4AB6-B90E-07DA00A096EA}.Release_Eng_Ver|Win32.Build.0 = Release_Eng_Ver|Win32
		{DEB4BF69-8634-4AB6-B90E-07DA00A096EA}.Release_Eng_Version|Win32.ActiveCfg = Release_Eng_Ver|Win32
		{DEB4BF69-8634-4AB6-B90E-07DA00A096EA}.Release_Eng_Version|Win32.Build.0 = Release_Eng_Ver|Win32
		{DEB4BF69-8634-4AB6-B90E-07DA00A096EA}.Release|Win32.ActiveCfg = Release|Win32
		{DEB4BF69-8634-4AB6-B90E-07DA00A096EA}.Release|Win32.Build.0 = Release|Win32
		{502B3BCA-3BE9-4E1C-A3E5-F0025AA720C4}.Debug_Eng_Ver|Win32.ActiveCfg = Debug_Eng_Ver|Win32
		{502B3BCA-3BE9-4E1C-A3E5-F0025AA720C4}.Debug_Eng_Ver|Win32.Build.0 = Debug_Eng_Ver|Win32
		{502B3BCA-3BE9-4E1C-A3E5-F0025AA720C4}.Debug_Eng_Version|Win32.ActiveCfg = Debug_Eng_Ver|Win32
		{502B3BCA-3BE9-4E1C-A3E5-F0025AA720C4}.Debug_Eng_Version|Win32.Build.0 = Debug_Eng_Ver|Win32
		{502B3BCA-3BE9-4E1C-A3E5-F0025AA720C4}.Debug|Win32.ActiveCfg = Debug|Win32
		{502B3BCA-3BE9-4E1C-A3E5-F0025AA720C4}.Debug|Win32.Build.0 = Debug|Win32
		{502B3BCA-3BE9-4E1C-A3E5-F0025AA720C4}.Release_Eng_Ver|Win32.ActiveCfg = Release_Eng_Ver|Win32
		{502B3BCA-3BE9-4E1C-A3E5-F0025AA720C4}.Release_Eng_Ver|Win32.Build.0 = Release_Eng_Ver|Win32
		{502B3BCA-3BE9-4E1C-A3E5-F0025AA720C4}.Release_Eng_Version|Win32.ActiveCfg = Release_Eng_Ver|Win32
		{502B3BCA-3BE9-4E1C-A3E5-F0025AA720C4}.Release_Eng_Version|Win32.Build.0 = Release_Eng_Ver|Win32
		{502B3BCA-3BE9-4E1C-A3E5-F0025AA720C4}.Release|Win32.ActiveCfg = Release|Win32
		{502B3BCA-3BE9-4E1C-A3E5-F0025AA720C4}.Release|Win32.Build.0 = Release|Win32
		{4C65BE14-4A69-40AA-87B9-82DE8BD3AFAF}.Debug_Eng_Ver|Win32.ActiveCfg = Debug_Eng_Ver|Win32
		{4C65BE14-4A69-40AA-87B9-82DE8BD3AFAF}.Debug_Eng_Ver|Win32.Build.0 = Debug_Eng_Ver|Win32
		{4C65BE14-4A69-40AA-87B9-82DE8BD3AFAF}.Debug_Eng_Version|Win32.ActiveCfg = Debug_Eng_Ver|Win32
		{4C65BE14-4A69-40AA-87B9-82DE8BD3AFAF}.Debug_Eng_Version|Win32.Build.0 = Debug_Eng_Ver|Win32
		{4C65BE14-4A69-40AA-87B9-82DE8BD3AFAF}.Debug|Win32.ActiveCfg = Debug|Win32
		{4C65BE14-4A69-40AA-87B9-82DE8BD3AFAF}.Debug|Win32.Build.0 = Debug|Win32
		{4C65BE14-4A69-40AA-87B9-82DE8BD3AFAF}.Release_Eng_Ver|Win32.ActiveCfg = Release_Eng_Ver|Win32
		{4C65BE14-4A69-40AA-87B9-82DE8BD3AFAF}.Release_Eng_Ver|Win32.Build.0 = Release_Eng_Ver|Win32
		{4C65BE14-4A69-40AA-87B9-82DE8BD3AFAF}.Release_Eng_Version|Win32.ActiveCfg = Release_Eng_Ver|Win32
		{4C65BE14-4A69-40AA-87B9-82DE8BD3AFAF}.Release_Eng_Version|Win32.Build.0 = Release_Eng_Ver|Win32
		{4C65BE14-4A69-40AA-87B9-82DE8BD3AFAF}.Release|Win32.ActiveCfg = Release|Win32
		{4C65BE14-4A69-40AA-87B9-82DE8BD3AFAF}.Release|Win32.Build.0 = Release|Win32
		{39983027-A34A-4AFF-9146-560088B3BA7E}.Debug_Eng_Ver|Win32.ActiveCfg = Debug_Eng_Ver|Win32
		{39983027-A34A-4AFF-9146-560088B3BA7E}.Debug_Eng_Ver|Win32.Build.0 = Debug_Eng_Ver|Win32
		{39983027-A34A-4AFF-9146-560088B3BA7E}.Debug_Eng_Version|Win32.ActiveCfg = Debug_Eng_Ver|Win32
		{39983027-A34A-4AFF-9146-560088B3BA7E}.Debug_Eng_Version|Win32.Build.0 = Debug_Eng_Ver|Win32
		{39983027-A34A-4AFF-9146-560088B3BA7E}.Debug|Win32.ActiveCfg = Debug|Win32
		{39983027-A34A-4AFF-9146-560088B3BA7E}.Debug|Win32.Build.0 = Debug|Win32
		{39983027-A34A-4AFF-9146-560088B3BA7E}.Release_Eng_Ver|Win32.ActiveCfg = Release_Eng_Ver|Win32
		{39983027-A34A-4AFF-9146-560088B3BA7E}.Release_Eng_Ver|Win32.Build.0 = Release_Eng_Ver|Win32
		{39983027-A34A-4AFF-9146-560088B3BA7E}.Release_Eng_Version|Win32.ActiveCfg = Release_Eng_Ver|Win32
		{39983027-A34A-4AFF-9146-560088B3BA7E}.Release_Eng_Version|Win32.Build.0 = Release_Eng_Ver|Win32
		{39983027-A34A-4AFF-9146-560088B3BA7E}.Release|Win32.ActiveCfg = Release|Win32
		{39983027-A34A-4AFF-9146-560088B3BA7E}.Release|Win32.Build.0 = Release|Win32
		{AE02DE03-88BF-4B54-AFE3-A599461D6A1A}.Debug_Eng_Ver|Win32.ActiveCfg = Debug_Eng_Ver|Win32
		{AE02DE03-88BF-4B54-AFE3-A599461D6A1A}.Debug_Eng_Ver|Win32.Build.0 = Debug_Eng_Ver|Win32
		{AE02DE03-88BF-4B54-AFE3-A599461D6A1A}.Debug_Eng_Version|Win32.ActiveCfg = Debug_Eng_Ver|Win32
		{AE02DE03-88BF-4B54-AFE3-A599461D6A1A}.Debug_Eng_Version|Win32.Build.0 = Debug_Eng_Ver|Win32
		{AE02DE03-88BF-4B54-AFE3-A599461D6A1A}.Debug|Win32.ActiveCfg = Debug|Win32
		{AE02DE03-88BF-4B54-AFE3-A599461D6A1A}.Debug|Win32.Build.0 = Debug|Win32
		{AE02DE03-88BF-4B54-AFE3-A599461D6A1A}.Release_Eng_Ver|Win32.ActiveCfg = Release_Eng_Ver|Win32
		{AE02DE03-88BF-4B54-AFE3-A599461D6A1A}.Release_Eng_Ver|Win32.Build.0 = Release_Eng_Ver|Win32
		{AE02DE03-88BF-4B54-AFE3-A599461D6A1A}.Release_Eng_Version|Win32.ActiveCfg = Release_Eng_Ver|Win32
		{AE02DE03-88BF-4B54-AFE3-A599461D6A1A}.Release_Eng_Version|Win32.Build.0 = Release_Eng_Ver|Win32
		{AE02DE03-88BF-4B54-AFE3-A599461D6A1A}.Release|Win32.ActiveCfg = Release|Win32
		{AE02DE03-88BF-4B54-AFE3-A599461D6A1A}.Release|Win32.Build.0 = Release|Win32
		{110818E3-7211-4F8D-BC8F-36E383A17CBA}.Debug_Eng_Ver|Win32.ActiveCfg = Debug_Eng_Ver|Win32
		{110818E3-7211-4F8D-BC8F-36E383A17CBA}.Debug_Eng_Ver|Win32.Build.0 = Debug_Eng_Ver|Win32
		{110818E3-7211-4F8D-BC8F-36E383A17CBA}.Debug_Eng_Version|Win32.ActiveCfg = Debug_Eng_Ver|Win32
		{110818E3-7211-4F8D-BC8F-36E383A17CBA}.Debug_Eng_Version|Win32.Build.0 = Debug_Eng_Ver|Win32
		{110818E3-7211-4F8D-BC8F-36E383A17CBA}.Debug|Win32.ActiveCfg = Debug|Win32
		{110818E3-7211-4F8D-BC8F-36E383A17CBA}.Debug|Win32.Build.0 = Debug|Win32
		{110818E3-7211-4F8D-BC8F-36E383A17CBA}.Release_Eng_Ver|Win32.ActiveCfg = Release_Eng_Ver|Win32
		{110818E3-7211-4F8D-BC8F-36E383A17CBA}.Release_Eng_Ver|Win32.Build.0 = Release_Eng_Ver|Win32
		{110818E3-7211-4F8D-BC8F-36E383A17CBA}.Release_Eng_Version|Win32.ActiveCfg = Release_Eng_Ver|Win32
		{110818E3-7211-4F8D-BC8F-36E383A17CBA}.Release_Eng_Version|Win32.Build.0 = Release_Eng_Ver|Win32
		{110818E3-7211-4F8D-BC8F-36E383A17CBA}.Release|Win32.ActiveCfg = Release|Win32
		{110818E3-7211-4F8D-BC8F-36E383A17CBA}.Release|Win32.Build.0 = Release|Win32
		{C98933C6-F5E6-412C-BD7C-E55B4FAA1CC3}.Debug_Eng_Ver|Win32.ActiveCfg = Debug_Eng_Ver|Win32
		{C98933C6-F5E6-412C-BD7C-E55B4FAA1CC3}.Debug_Eng_Ver|Win32.Build.0 = Debug_Eng_Ver|Win32
		{C98933C6-F5E6-412C-BD7C-E55B4FAA1CC3}.Debug_Eng_Version|Win32.ActiveCfg = Debug_Eng_Ver|Win32
		{C98933C6-F5E6-412C-BD7C-E55B4FAA1CC3}.Debug_Eng_Version|Win32.Build.0 = Debug_Eng_Ver|Win32
		{C98933C6-F5E6-412C-BD7C-E55B4FAA1CC3}.Debug|Win32.ActiveCfg = Debug|Win32
		{C98933C6-F5E6-412C-BD7C-E55B4FAA1CC3}.Debug|Win32.Build.0 = Debug|Win32
		{C98933C6-F5E6-412C-BD7C-E55B4FAA1CC3}.Release_Eng_Ver|Win32.ActiveCfg = Release_Eng_Ver|Win32
		{C98933C6-F5E6-412C-BD7C-E55B4FAA1CC3}.Release_Eng_Ver|Win32.Build.0 = Release_Eng_Ver|Win32
		{C98933C6-F5E6-412C-BD7C-E55B4FAA1CC3}.Release_Eng_Version|Win32.ActiveCfg = Release_Eng_Ver|Win32
		{C98933C6-F5E6-412C-BD7C-E55B4FAA1CC3}.Release_Eng_Version|Win32.Build.0 = Release_Eng_Ver|Win32
		{C98933C6-F5E6-412C-BD7C-E55B4FAA1CC3}.Release|Win32.ActiveCfg = Release|Win32
		{C98933C6-F5E6-412C-BD7C-E55B4FAA1CC3}.Release|Win32.Build.0 = Release|Win32
		{3394862C-1F28-4A67-9BFB-5A76DCBBE857}.Debug_Eng_Ver|Win32.ActiveCfg = Debug|Win32
		{3394862C-1F28-4A67-9BFB-5A76DCBBE857}.Debug_Eng_Ver|Win32.Build.0 = Debug|Win32
		{3394862C-1F28-4A67-9BFB-5A76DCBBE857}.Debug_Eng_Version|Win32.ActiveCfg = Debug|Win32
		{3394862C-1F28-4A67-9BFB-5A76DCBBE857}.Debug|Win32.ActiveCfg = Debug|Win32
		{3394862C-1F28-4A67-9BFB-5A76DCBBE857}.Debug|Win32.Build.0 = Debug|Win32
		{3394862C-1F28-4A67-9BFB-5A76DCBBE857}.Release_Eng_Ver|Win32.ActiveCfg = Release_Eng_Ver|Win32
		{3394862C-1F28-4A67-9BFB-5A76DCBBE857}.Release_Eng_Ver|Win32.Build.0 = Release_Eng_Ver|Win32
		{3394862C-1F28-4A67-9BFB-5A76DCBBE857}.Release_Eng_Version|Win32.ActiveCfg = Release_Eng_Ver|Win32
		{3394862C-1F28-4A67-9BFB-5A76DCBBE857}.Release|Win32.ActiveCfg = Release|Win32
		{3394862C-1F28-4A67-9BFB-5A76DCBBE857}.Release|Win32.Build.0 = Release|Win32
		{2A201C29-B82F-41AA-A7F6-98E5DFCC60D1}.Debug_Eng_Ver|Win32.ActiveCfg = Debug_Eng_Ver|Win32
		{2A201C29-B82F-41AA-A7F6-98E5DFCC60D1}.Debug_Eng_Ver|Win32.Build.0 = Debug_Eng_Ver|Win32
		{2A201C29-B82F-41AA-A7F6-98E5DFCC60D1}.Debug_Eng_Version|Win32.ActiveCfg = Debug_Eng_Ver|Win32
		{2A201C29-B82F-41AA-A7F6-98E5DFCC60D1}.Debug_Eng_Version|Win32.Build.0 = Debug_Eng_Ver|Win32
		{2A201C29-B82F-41AA-A7F6-98E5DFCC60D1}.Debug|Win32.ActiveCfg = Debug|Win32
		{2A201C29-B82F-41AA-A7F6-98E5DFCC60D1}.Debug|Win32.Build.0 = Debug|Win32
		{2A201C29-B82F-41AA-A7F6-98E5DFCC60D1}.Release_Eng_Ver|Win32.ActiveCfg = Release_Eng_Ver|Win32
		{2A201C29-B82F-41AA-A7F6-98E5DFCC60D1}.Release_Eng_Ver|Win32.Build.0 = Release_Eng_Ver|Win32
		{2A201C29-B82F-41AA-A7F6-98E5DFCC60D1}.Release_Eng_Version|Win32.ActiveCfg = Release_Eng_Ver|Win32
		{2A201C29-B82F-41AA-A7F6-98E5DFCC60D1}.Release_Eng_Version|Win32.Build.0 = Release_Eng_Ver|Win32
		{2A201C29-B82F-41AA-A7F6-98E5DFCC60D1}.Release|Win32.ActiveCfg = Release|Win32
		{2A201C29-B82F-41AA-A7F6-98E5DFCC60D1}.Release|Win32.Build.0 = Release|Win32
		{A7B8914A-A531-4640-81F4-80789ACD4944}.Debug_Eng_Ver|Win32.ActiveCfg = Debug_Eng_Ver|Win32
		{A7B8914A-A531-4640-81F4-80789ACD4944}.Debug_Eng_Ver|Win32.Build.0 = Debug_Eng_Ver|Win32
		{A7B8914A-A531-4640-81F4-80789ACD4944}.Debug_Eng_Version|Win32.ActiveCfg = Debug_Eng_Ver|Win32
		{A7B8914A-A531-4640-81F4-80789ACD4944}.Debug_Eng_Version|Win32.Build.0 = Debug_Eng_Ver|Win32
		{A7B8914A-A531-4640-81F4-80789ACD4944}.Debug|Win32.ActiveCfg = Debug|Win32
		{A7B8914A-A531-4640-81F4-80789ACD4944}.Debug|Win32.Build.0 = Debug|Win32
		{A7B8914A-A531-4640-81F4-80789ACD4944}.Release_Eng_Ver|Win32.ActiveCfg = Release_Eng_Ver|Win32
		{A7B8914A-A531-4640-81F4-80789ACD4944}.Release_Eng_Ver|Win32.Build.0 = Release_Eng_Ver|Win32
		{A7B8914A-A531-4640-81F4-80789ACD4944}.Release_Eng_Version|Win32.ActiveCfg = Release_Eng_Ver|Win32
		{A7B8914A-A531-4640-81F4-80789ACD4944}.Release_Eng_Version|Win32.Build.0 = Release_Eng_Ver|Win32
		{A7B8914A-A531-4640-81F4-80789ACD4944}.Release|Win32.ActiveCfg = Release|Win32
		{A7B8914A-A531-4640-81F4-80789ACD4944}.Release|Win32.Build.0 = Release|Win32
		{14219260-3FE8-460B-9951-AFE3C4BE94AE}.Debug_Eng_Ver|Win32.ActiveCfg = Debug|Win32
		{14219260-3FE8-460B-9951-AFE3C4BE94AE}.Debug_Eng_Ver|Win32.Build.0 = Debug|Win32
		{14219260-3FE8-460B-9951-AFE3C4BE94AE}.Debug_Eng_Version|Win32.ActiveCfg = Debug|Win32
		{14219260-3FE8-460B-9951-AFE3C4BE94AE}.Debug_Eng_Version|Win32.Build.0 = Debug|Win32
		{14219260-3FE8-460B-9951-AFE3C4BE94AE}.Debug|Win32.ActiveCfg = Debug|Win32
		{14219260-3FE8-460B-9951-AFE3C4BE94AE}.Debug|Win32.Build.0 = Debug|Win32
		{14219260-3FE8-460B-9951-AFE3C4BE94AE}.Release_Eng_Ver|Win32.ActiveCfg = Release_Eng_Ver|Win32
		{14219260-3FE8-460B-9951-AFE3C4BE94AE}.Release_Eng_Ver|Win32.Build.0 = Release_Eng_Ver|Win32
		{14219260-3FE8-460B-9951-AFE3C4BE94AE}.Release_Eng_Version|Win32.ActiveCfg = Release_Eng_Ver|Win32
		{14219260-3FE8-460B-9951-AFE3C4BE94AE}.Release_Eng_Version|Win32.Build.0 = Release_Eng_Ver|Win32
		{14219260-3FE8-460B-9951-AFE3C4BE94AE}.Release|Win32.ActiveCfg = Release|Win32
		{14219260-3FE8-460B-9951-AFE3C4BE94AE}.Release|Win32.Build.0 = Release|Win32
		{F162DA5B-8A23-4905-9255-96E85B7CA9BA}.Debug_Eng_Ver|Win32.ActiveCfg = Debug|Win32
		{F162DA5B-8A23-4905-9255-96E85B7CA9BA}.Debug_Eng_Ver|Win32.Build.0 = Debug|Win32
		{F162DA5B-8A23-4905-9255-96E85B7CA9BA}.Debug_Eng_Version|Win32.ActiveCfg = Debug|Win32
		{F162DA5B-8A23-4905-9255-96E85B7CA9BA}.Debug|Win32.ActiveCfg = Debug|Win32
		{F162DA5B-8A23-4905-9255-96E85B7CA9BA}.Debug|Win32.Build.0 = Debug|Win32
		{F162DA5B-8A23-4905-9255-96E85B7CA9BA}.Release_Eng_Ver|Win32.ActiveCfg = Release_Eng_Ver|Win32
		{F162DA5B-8A23-4905-9255-96E85B7CA9BA}.Release_Eng_Ver|Win32.Build.0 = Release_Eng_Ver|Win32
		{F162DA5B-8A23-4905-9255-96E85B7CA9BA}.Release_Eng_Version|Win32.ActiveCfg = Release_Eng_Ver|Win32
		{F162DA5B-8A23-4905-9255-96E85B7CA9BA}.Release|Win32.ActiveCfg = Release|Win32
		{F162DA5B-8A23-4905-9255-96E85B7CA9BA}.Release|Win32.Build.0 = Release|Win32
		{44A35448-3ABC-4B06-85EC-574368C216F5}.Debug_Eng_Ver|Win32.ActiveCfg = Debug|Win32
		{44A35448-3ABC-4B06-85EC-574368C216F5}.Debug_Eng_Ver|Win32.Build.0 = Debug|Win32
		{44A35448-3ABC-4B06-85EC-574368C216F5}.Debug_Eng_Version|Win32.ActiveCfg = Debug|Win32
		{44A35448-3ABC-4B06-85EC-574368C216F5}.Debug|Win32.ActiveCfg = Debug|Win32
		{44A35448-3ABC-4B06-85EC-574368C216F5}.Debug|Win32.Build.0 = Debug|Win32
		{44A35448-3ABC-4B06-85EC-574368C216F5}.Release_Eng_Ver|Win32.ActiveCfg = Release_Eng_Ver|Win32
		{44A35448-3ABC-4B06-85EC-574368C216F5}.Release_Eng_Ver|Win32.Build.0 = Release_Eng_Ver|Win32
		{44A35448-3ABC-4B06-85EC-574368C216F5}.Release_Eng_Version|Win32.ActiveCfg = Release_Eng_Ver|Win32
		{44A35448-3ABC-4B06-85EC-574368C216F5}.Release|Win32.ActiveCfg = Release|Win32
		{44A35448-3ABC-4B06-85EC-574368C216F5}.Release|Win32.Build.0 = Release|Win32
		{12EF8110-D76B-4147-A634-FDBD68FCF5B7}.Debug_Eng_Ver|Win32.ActiveCfg = Debug|Win32
		{12EF8110-D76B-4147-A634-FDBD68FCF5B7}.Debug_Eng_Ver|Win32.Build.0 = Debug|Win32
		{12EF8110-D76B-4147-A634-FDBD68FCF5B7}.Debug_Eng_Version|Win32.ActiveCfg = Debug|Win32
		{12EF8110-D76B-4147-A634-FDBD68FCF5B7}.Debug_Eng_Version|Win32.Build.0 = Debug|Win32
		{12EF8110-D76B-4147-A634-FDBD68FCF5B7}.Debug|Win32.ActiveCfg = Debug|Win32
		{12EF8110-D76B-4147-A634-FDBD68FCF5B7}.Debug|Win32.Build.0 = Debug|Win32
		{12EF8110-D76B-4147-A634-FDBD68FCF5B7}.Release_Eng_Ver|Win32.ActiveCfg = Release_Eng_Ver|Win32
		{12EF8110-D76B-4147-A634-FDBD68FCF5B7}.Release_Eng_Ver|Win32.Build.0 = Release_Eng_Ver|Win32
		{12EF8110-D76B-4147-A634-FDBD68FCF5B7}.Release_Eng_Version|Win32.ActiveCfg = Release_Eng_Ver|Win32
		{12EF8110-D76B-4147-A634-FDBD68FCF5B7}.Release_Eng_Version|Win32.Build.0 = Release_Eng_Ver|Win32
		{12EF8110-D76B-4147-A634-FDBD68FCF5B7}.Release|Win32.ActiveCfg = Release|Win32
		{12EF8110-D76B-4147-A634-FDBD68FCF5B7}.Release|Win32.Build.0 = Release|Win32
		{F0BEAE7F-7C81-479D-B89C-99DAF020950C}.Debug_Eng_Ver|Win32.ActiveCfg = Debug|Win32
		{F0BEAE7F-7C81-479D-B89C-99DAF020950C}.Debug_Eng_Ver|Win32.Build.0 = Debug|Win32
		{F0BEAE7F-7C81-479D-B89C-99DAF020950C}.Debug_Eng_Version|Win32.ActiveCfg = Debug|Win32
		{F0BEAE7F-7C81-479D-B89C-99DAF020950C}.Debug|Win32.ActiveCfg = Debug|Win32
		{F0BEAE7F-7C81-479D-B89C-99DAF020950C}.Debug|Win32.Build.0 = Debug|Win32
		{F0BEAE7F-7C81-479D-B89C-99DAF020950C}.Release_Eng_Ver|Win32.ActiveCfg = Release_Eng_Ver|Win32
		{F0BEAE7F-7C81-479D-B89C-99DAF020950C}.Release_Eng_Ver|Win32.Build.0 = Release_Eng_Ver|Win32
		{F0BEAE7F-7C81-479D-B89C-99DAF020950C}.Release_Eng_Version|Win32.ActiveCfg = Release_Eng_Ver|Win32
		{F0BEAE7F-7C81-479D-B89C-99DAF020950C}.Release|Win32.ActiveCfg = Release|Win32
		{F0BEAE7F-7C81-479D-B89C-99DAF020950C}.Release|Win32.Build.0 = Release|Win32
		{674B8AF0-AA68-4F96-8779-840346973F9B}.Debug_Eng_Ver|Win32.ActiveCfg = Debug|Win32
		{674B8AF0-AA68-4F96-8779-840346973F9B}.Debug_Eng_Ver|Win32.Build.0 = Debug|Win32
		{674B8AF0-AA68-4F96-8779-840346973F9B}.Debug_Eng_Version|Win32.ActiveCfg = Debug|Win32
		{674B8AF0-AA68-4F96-8779-840346973F9B}.Debug_Eng_Version|Win32.Build.0 = Debug|Win32
		{674B8AF0-AA68-4F96-8779-840346973F9B}.Debug|Win32.ActiveCfg = Debug|Win32
		{674B8AF0-AA68-4F96-8779-840346973F9B}.Debug|Win32.Build.0 = Debug|Win32
		{674B8AF0-AA68-4F96-8779-840346973F9B}.Release_Eng_Ver|Win32.ActiveCfg = Release_Eng_Ver|Win32
		{674B8AF0-AA68-4F96-8779-840346973F9B}.Release_Eng_Ver|Win32.Build.0 = Release_Eng_Ver|Win32
		{674B8AF0-AA68-4F96-8779-840346973F9B}.Release_Eng_Version|Win32.ActiveCfg = Release_Eng_Ver|Win32
		{674B8AF0-AA68-4F96-8779-840346973F9B}.Release_Eng_Version|Win32.Build.0 = Release_Eng_Ver|Win32
		{674B8AF0-AA68-4F96-8779-840346973F9B}.Release|Win32.ActiveCfg = Release|Win32
		{674B8AF0-AA68-4F96-8779-840346973F9B}.Release|Win32.Build.0 = Release|Win32
		{7828A44D-747A-45E3-B3AB-958901A04B7F}.Debug_Eng_Ver|Win32.ActiveCfg = Debug|Win32
		{7828A44D-747A-45E3-B3AB-958901A04B7F}.Debug_Eng_Ver|Win32.Build.0 = Debug|Win32
		{7828A44D-747A-45E3-B3AB-958901A04B7F}.Debug_Eng_Version|Win32.ActiveCfg = Debug|Win32
		{7828A44D-747A-45E3-B3AB-958901A04B7F}.Debug_Eng_Version|Win32.Build.0 = Debug|Win32
		{7828A44D-747A-45E3-B3AB-958901A04B7F}.Debug|Win32.ActiveCfg = Debug|Win32
		{7828A44D-747A-45E3-B3AB-958901A04B7F}.Debug|Win32.Build.0 = Debug|Win32
		{7828A44D-747A-45E3-B3AB-958901A04B7F}.Release_Eng_Ver|Win32.ActiveCfg = Release_Eng_Ver|Win32
		{7828A44D-747A-45E3-B3AB-958901A04B7F}.Release_Eng_Ver|Win32.Build.0 = Release_Eng_Ver|Win32
		{7828A44D-747A-45E3-B3AB-958901A04B7F}.Release_Eng_Version|Win32.ActiveCfg = Release_Eng_Ver|Win32
		{7828A44D-747A-45E3-B3AB-958901A04B7F}.Release_Eng_Version|Win32.Build.0 = Release_Eng_Ver|Win32
		{7828A44D-747A-45E3-B3AB-958901A04B7F}.Release|Win32.ActiveCfg = Release|Win32
		{7828A44D-747A-45E3-B3AB-958901A04B7F}.Release|Win32.Build.0 = Release|Win32
		{4EB85913-769F-4C6A-ADF8-D309CDD81AC2}.Debug_Eng_Ver|Win32.ActiveCfg = Debug|Win32
		{4EB85913-769F-4C6A-ADF8-D309CDD81AC2}.Debug_Eng_Ver|Win32.Build.0 = Debug|Win32
		{4EB85913-769F-4C6A-ADF8-D309CDD81AC2}.Debug_Eng_Version|Win32.ActiveCfg = Debug|Win32
		{4EB85913-769F-4C6A-ADF8-D309CDD81AC2}.Debug_Eng_Version|Win32.Build.0 = Debug|Win32
		{4EB85913-769F-4C6A-ADF8-D309CDD81AC2}.Debug|Win32.ActiveCfg = Debug|Win32
		{4EB85913-769F-4C6A-ADF8-D309CDD81AC2}.Debug|Win32.Build.0 = Debug|Win32
		{4EB85913-769F-4C6A-ADF8-D309CDD81AC2}.Release_Eng_Ver|Win32.ActiveCfg = Release_Eng_Ver|Win32
		{4EB85913-769F-4C6A-ADF8-D309CDD81AC2}.Release_Eng_Ver|Win32.Build.0 = Release_Eng_Ver|Win32
		{4EB85913-769F-4C6A-ADF8-D309CDD81AC2}.Release_Eng_Version|Win32.ActiveCfg = Release_Eng_Ver|Win32
		{4EB85913-769F-4C6A-ADF8-D309CDD81AC2}.Release_Eng_Version|Win32.Build.0 = Release_Eng_Ver|Win32
		{4EB85913-769F-4C6A-ADF8-D309CDD81AC2}.Release|Win32.ActiveCfg = Release|Win32
		{4EB85913-769F-4C6A-ADF8-D309CDD81AC2}.Release|Win32.Build.0 = Release|Win32
		{DD08A517-D607-452B-AC56-3E57118524D2}.Debug_Eng_Ver|Win32.ActiveCfg = Debug_Eng_Ver|Win32
		{DD08A517-D607-452B-AC56-3E57118524D2}.Debug_Eng_Ver|Win32.Build.0 = Debug_Eng_Ver|Win32
		{DD08A517-D607-452B-AC56-3E57118524D2}.Debug_Eng_Version|Win32.ActiveCfg = Debug_Eng_Version|Win32
		{DD08A517-D607-452B-AC56-3E57118524D2}.Debug_Eng_Version|Win32.Build.0 = Debug_Eng_Version|Win32
		{DD08A517-D607-452B-AC56-3E57118524D2}.Debug|Win32.ActiveCfg = Debug|Win32
		{DD08A517-D607-452B-AC56-3E57118524D2}.Debug|Win32.Build.0 = Debug|Win32
		{DD08A517-D607-452B-AC56-3E57118524D2}.Release_Eng_Ver|Win32.ActiveCfg = Release_Eng_Ver|Win32
		{DD08A517-D607-452B-AC56-3E57118524D2}.Release_Eng_Ver|Win32.Build.0 = Release_Eng_Ver|Win32
		{DD08A517-D607-452B-AC56-3E57118524D2}.Release_Eng_Version|Win32.ActiveCfg = Release_Eng_Version|Win32
		{DD08A517-D607-452B-AC56-3E57118524D2}.Release_Eng_Version|Win32.Build.0 = Release_Eng_Version|Win32
		{DD08A517-D607-452B-AC56-3E57118524D2}.Release|Win32.ActiveCfg = Release|Win32
		{DD08A517-D607-452B-AC56-3E57118524D2}.Release|Win32.Build.0 = Release|Win32
		{C3A0BD3C-13FF-4BAC-A31A-D9D7717A09BE}.Debug_Eng_Ver|Win32.ActiveCfg = Debug_Eng_Ver|Win32
		{C3A0BD3C-13FF-4BAC-A31A-D9D7717A09BE}.Debug_Eng_Ver|Win32.Build.0 = Debug_Eng_Ver|Win32
		{C3A0BD3C-13FF-4BAC-A31A-D9D7717A09BE}.Debug_Eng_Version|Win32.ActiveCfg = Debug_Eng_Ver|Win32
		{C3A0BD3C-13FF-4BAC-A31A-D9D7717A09BE}.Debug_Eng_Version|Win32.Build.0 = Debug_Eng_Ver|Win32
		{C3A0BD3C-13FF-4BAC-A31A-D9D7717A09BE}.Debug|Win32.ActiveCfg = Debug|Win32
		{C3A0BD3C-13FF-4BAC-A31A-D9D7717A09BE}.Debug|Win32.Build.0 = Debug|Win32
		{C3A0BD3C-13FF-4BAC-A31A-D9D7717A09BE}.Release_Eng_Ver|Win32.ActiveCfg = Release_Eng_Ver|Win32
		{C3A0BD3C-13FF-4BAC-A31A-D9D7717A09BE}.Release_Eng_Ver|Win32.Build.0 = Release_Eng_Ver|Win32
		{C3A0BD3C-13FF-4BAC-A31A-D9D7717A09BE}.Release_Eng_Version|Win32.ActiveCfg = Release_Eng_Ver|Win32
		{C3A0BD3C-13FF-4BAC-A31A-D9D7717A09BE}.Release_Eng_Version|Win32.Build.0 = Release_Eng_Ver|Win32
		{C3A0BD3C-13FF-4BAC-A31A-D9D7717A09BE}.Release|Win32.ActiveCfg = Release|Win32
		{C3A0BD3C-13FF-4BAC-A31A-D9D7717A09BE}.Release|Win32.Build.0 = Release|Win32
		{80A6D6AC-F12C-4BAF-9D1D-ED730F68B201}.Debug_Eng_Ver|Win32.ActiveCfg = Debug_Eng_Ver|Win32
		{80A6D6AC-F12C-4BAF-9D1D-ED730F68B201}.Debug_Eng_Ver|Win32.Build.0 = Debug_Eng_Ver|Win32
		{80A6D6AC-F12C-4BAF-9D1D-ED730F68B201}.Debug_Eng_Version|Win32.ActiveCfg = Debug_Eng_Version|Win32
		{80A6D6AC-F12C-4BAF-9D1D-ED730F68B201}.Debug_Eng_Version|Win32.Build.0 = Debug_Eng_Version|Win32
		{80A6D6AC-F12C-4BAF-9D1D-ED730F68B201}.Debug|Win32.ActiveCfg = Debug|Win32
		{80A6D6AC-F12C-4BAF-9D1D-ED730F68B201}.Debug|Win32.Build.0 = Debug|Win32
		{80A6D6AC-F12C-4BAF-9D1D-ED730F68B201}.Release_Eng_Ver|Win32.ActiveCfg = Release_Eng_Ver|Win32
		{80A6D6AC-F12C-4BAF-9D1D-ED730F68B201}.Release_Eng_Ver|Win32.Build.0 = Release_Eng_Ver|Win32
		{80A6D6AC-F12C-4BAF-9D1D-ED730F68B201}.Release_Eng_Version|Win32.ActiveCfg = Release_Eng_Version|Win32
		{80A6D6AC-F12C-4BAF-9D1D-ED730F68B201}.Release_Eng_Version|Win32.Build.0 = Release_Eng_Version|Win32
		{80A6D6AC-F12C-4BAF-9D1D-ED730F68B201}.Release|Win32.ActiveCfg = Release|Win32
		{80A6D6AC-F12C-4BAF-9D1D-ED730F68B201}.Release|Win32.Build.0 = Release|Win32
		{8E323B5E-F68F-4BAE-8E17-525065582E8A}.Debug_Eng_Ver|Win32.ActiveCfg = Debug_Eng_Ver|Win32
		{8E323B5E-F68F-4BAE-8E17-525065582E8A}.Debug_Eng_Ver|Win32.Build.0 = Debug_Eng_Ver|Win32
		{8E323B5E-F68F-4BAE-8E17-525065582E8A}.Debug_Eng_Version|Win32.ActiveCfg = Debug_Eng_Version|Win32
		{8E323B5E-F68F-4BAE-8E17-525065582E8A}.Debug_Eng_Version|Win32.Build.0 = Debug_Eng_Version|Win32
		{8E323B5E-F68F-4BAE-8E17-525065582E8A}.Debug|Win32.ActiveCfg = Debug|Win32
		{8E323B5E-F68F-4BAE-8E17-525065582E8A}.Debug|Win32.Build.0 = Debug|Win32
		{8E323B5E-F68F-4BAE-8E17-525065582E8A}.Release_Eng_Ver|Win32.ActiveCfg = Release_Eng_Ver|Win32
		{8E323B5E-F68F-4BAE-8E17-525065582E8A}.Release_Eng_Ver|Win32.Build.0 = Release_Eng_Ver|Win32
		{8E323B5E-F68F-4BAE-8E17-525065582E8A}.Release_Eng_Version|Win32.ActiveCfg = Release_Eng_Version|Win32
		{8E323B5E-F68F-4BAE-8E17-525065582E8A}.Release_Eng_Version|Win32.Build.0 = Release_Eng_Version|Win32
		{8E323B5E-F68F-4BAE-8E17-525065582E8A}.Release|Win32.ActiveCfg = Release|Win32
		{8E323B5E-F68F-4BAE-8E17-525065582E8A}.Release|Win32.Build.0 = Release|Win32
		{2D43E471-F25C-4CAE-B064-9F652E0F03E7}.Debug_Eng_Ver|Win32.ActiveCfg = Debug|Win32
		{2D43E471-F25C-4CAE-B064-9F652E0F03E7}.Debug_Eng_Ver|Win32.Build.0 = Debug|Win32
		{2D43E471-F25C-4CAE-B064-9F652E0F03E7}.Debug_Eng_Version|Win32.ActiveCfg = Debug|Win32
		{2D43E471-F25C-4CAE-B064-9F652E0F03E7}.Debug_Eng_Version|Win32.Build.0 = Debug|Win32
		{2D43E471-F25C-4CAE-B064-9F652E0F03E7}.Debug|Win32.ActiveCfg = Debug|Win32
		{2D43E471-F25C-4CAE-B064-9F652E0F03E7}.Debug|Win32.Build.0 = Debug|Win32
		{2D43E471-F25C-4CAE-B064-9F652E0F03E7}.Release_Eng_Ver|Win32.ActiveCfg = Release|Win32
		{2D43E471-F25C-4CAE-B064-9F652E0F03E7}.Release_Eng_Ver|Win32.Build.0 = Release|Win32
		{2D43E471-F25C-4CAE-B064-9F652E0F03E7}.Release_Eng_Version|Win32.ActiveCfg = Release|Win32
		{2D43E471-F25C-4CAE-B064-9F652E0F03E7}.Release_Eng_Version|Win32.Build.0 = Release|Win32
		{2D43E471-F25C-4CAE-B064-9F652E0F03E7}.Release|Win32.ActiveCfg = Release|Win32
		{2D43E471-F25C-4CAE-B064-9F652E0F03E7}.Release|Win32.Build.0 = Release|Win32
	EndGlobalSection
	GlobalSection(SolutionProperties) = preSolution
		HideSolutionNode = FALSE
	EndGlobalSection
	GlobalSection(NestedProjects) = preSolution
		{E9DB5E2F-4A20-4BC9-BFB5-C0EC233B315A} = {91C59D52-C7E6-49E3-B637-6EE7BFE00B8A}
		{DEB4BF69-8634-4AB6-B90E-07DA00A096EA} = {91C59D52-C7E6-49E3-B637-6EE7BFE00B8A}
		{502B3BCA-3BE9-4E1C-A3E5-F0025AA720C4} = {91C59D52-C7E6-49E3-B637-6EE7BFE00B8A}
		{4C65BE14-4A69-40AA-87B9-82DE8BD3AFAF} = {91C59D52-C7E6-49E3-B637-6EE7BFE00B8A}
		{39983027-A34A-4AFF-9146-560088B3BA7E} = {91C59D52-C7E6-49E3-B637-6EE7BFE00B8A}
		{AE02DE03-88BF-4B54-AFE3-A599461D6A1A} = {91C59D52-C7E6-49E3-B637-6EE7BFE00B8A}
		{110818E3-7211-4F8D-BC8F-36E383A17CBA} = {91C59D52-C7E6-49E3-B637-6EE7BFE00B8A}
		{3394862C-1F28-4A67-9BFB-5A76DCBBE857} = {91C59D52-C7E6-49E3-B637-6EE7BFE00B8A}
		{F162DA5B-8A23-4905-9255-96E85B7CA9BA} = {91C59D52-C7E6-49E3-B637-6EE7BFE00B8A}
		{44A35448-3ABC-4B06-85EC-574368C216F5} = {91C59D52-C7E6-49E3-B637-6EE7BFE00B8A}
		{12EF8110-D76B-4147-A634-FDBD68FCF5B7} = {91C59D52-C7E6-49E3-B637-6EE7BFE00B8A}
		{2D43E471-F25C-4CAE-B064-9F652E0F03E7} = {91C59D52-C7E6-49E3-B637-6EE7BFE00B8A}
		{7E166289-7363-44E3-8291-DF2AAB81505E} = {A4809F20-0BA9-4C6B-BD9C-4D074EAE3004}
		{0845871B-819D-4D69-B9EE-E26CD0202FC7} = {A4809F20-0BA9-4C6B-BD9C-4D074EAE3004}
		{5E4F6984-CE82-4FA8-87AF-5594B94D8D32} = {A4809F20-0BA9-4C6B-BD9C-4D074EAE3004}
		{61E8B92C-8FB1-4C8E-A644-11EC99A0287F} = {A4809F20-0BA9-4C6B-BD9C-4D074EAE3004}
		{0D497BD1-095F-4E7B-95F3-855FA8180817} = {A4809F20-0BA9-4C6B-BD9C-4D074EAE3004}
		{A15670D5-8132-4068-BD0F-B44592352B53} = {A4809F20-0BA9-4C6B-BD9C-4D074EAE3004}
		{C8CAC62F-ED3A-49FA-B307-A27EEA4A7351} = {A4809F20-0BA9-4C6B-BD9C-4D074EAE3004}
		{616243B7-4842-403B-B2B9-D2A3DDBDCC37} = {A4809F20-0BA9-4C6B-BD9C-4D074EAE3004}
		{7FC6F92A-06D3-4AE1-971D-4A71DC6F0671} = {A4809F20-0BA9-4C6B-BD9C-4D074EAE3004}
		{E67F2124-3CB6-4F43-84AE-1ADD1C13A58B} = {A4809F20-0BA9-4C6B-BD9C-4D074EAE3004}
		{344D57B2-3A91-4ADA-8D4B-8FCCFBB30D16} = {A4809F20-0BA9-4C6B-BD9C-4D074EAE3004}
		{E0FBA24A-6709-47E3-9B5D-6B88DC4F634F} = {A4809F20-0BA9-4C6B-BD9C-4D074EAE3004}
		{F6E1D223-21FE-4580-BB1F-4B666798F225} = {A4809F20-0BA9-4C6B-BD9C-4D074EAE3004}
		{6FB74B56-DD94-49A0-9CE8-46622026EB05} = {A4809F20-0BA9-4C6B-BD9C-4D074EAE3004}
		{F6D8EFAC-5F63-421D-AF07-7940D224D4A7} = {A4809F20-0BA9-4C6B-BD9C-4D074EAE3004}
		{E09112DD-7349-40EF-BB20-24B48F070FEB} = {A4809F20-0BA9-4C6B-BD9C-4D074EAE3004}
		{D2F0D223-7AE6-46C8-AC58-D736B90AEAF9} = {A4809F20-0BA9-4C6B-BD9C-4D074EAE3004}
		{4413CA97-30EC-402D-A286-8520529E69F3} = {A4809F20-0BA9-4C6B-BD9C-4D074EAE3004}
		{46F68321-09A2-4C2C-A598-996BDBE2ABE4} = {A4809F20-0BA9-4C6B-BD9C-4D074EAE3004}
		{A6B99D20-CB42-4F7A-8611-F92F9012CA82} = {A4809F20-0BA9-4C6B-BD9C-4D074EAE3004}
		{6CB3E137-2A94-4934-948F-119ADDD72459} = {A4809F20-0BA9-4C6B-BD9C-4D074EAE3004}
		{D235893D-5B55-4CA3-AFA4-6DB1CCBF3F6D} = {A4809F20-0BA9-4C6B-BD9C-4D074EAE3004}
		{B6E7E0C1-F8F2-44F8-AC6E-63F6ABF745AB} = {A4809F20-0BA9-4C6B-BD9C-4D074EAE3004}
		{022187C2-B773-4749-872E-7C6E51DCC332} = {A4809F20-0BA9-4C6B-BD9C-4D074EAE3004}
		{5C4298F9-F5EA-4E3E-8667-45B8D7973C1F} = {A4809F20-0BA9-4C6B-BD9C-4D074EAE3004}
		{1A3F1A47-4565-4E6E-A2AA-EA19348BE4BA} = {A4809F20-0BA9-4C6B-BD9C-4D074EAE3004}
		{C98933C6-F5E6-412C-BD7C-E55B4FAA1CC3} = {A4809F20-0BA9-4C6B-BD9C-4D074EAE3004}
		{14219260-3FE8-460B-9951-AFE3C4BE94AE} = {A4809F20-0BA9-4C6B-BD9C-4D074EAE3004}
		{F0BEAE7F-7C81-479D-B89C-99DAF020950C} = {A4809F20-0BA9-4C6B-BD9C-4D074EAE3004}
		{8DCEA650-F2F0-418B-A4E0-B773C7B4223A} = {6691D69F-4BF8-4B0E-AD8E-0C29FF29A5B0}
		{A2FEE7C3-3DAE-4CD5-8C5C-8F75F84B6F9C} = {6691D69F-4BF8-4B0E-AD8E-0C29FF29A5B0}
		{26A4D0B3-36DF-4877-9AC1-351D20033FE7} = {6691D69F-4BF8-4B0E-AD8E-0C29FF29A5B0}
		{D0A72CAD-52B5-4D0B-8E37-3A8A76311400} = {6691D69F-4BF8-4B0E-AD8E-0C29FF29A5B0}
		{2A201C29-B82F-41AA-A7F6-98E5DFCC60D1} = {6691D69F-4BF8-4B0E-AD8E-0C29FF29A5B0}
		{A7B8914A-A531-4640-81F4-80789ACD4944} = {6691D69F-4BF8-4B0E-AD8E-0C29FF29A5B0}
		{674B8AF0-AA68-4F96-8779-840346973F9B} = {6691D69F-4BF8-4B0E-AD8E-0C29FF29A5B0}
		{7828A44D-747A-45E3-B3AB-958901A04B7F} = {6691D69F-4BF8-4B0E-AD8E-0C29FF29A5B0}
		{4EB85913-769F-4C6A-ADF8-D309CDD81AC2} = {6691D69F-4BF8-4B0E-AD8E-0C29FF29A5B0}
		{4A07AF98-8158-43B5-BDA5-1DFEB30C17B2} = {A2F2484F-BCD1-4362-ADEA-5C06B1DAD1C1}
		{D6731BC7-9066-4C01-99BE-B42A2F391E92} = {A2F2484F-BCD1-4362-ADEA-5C06B1DAD1C1}
		{DD08A517-D607-452B-AC56-3E57118524D2} = {829E6DC3-40BD-41F8-85BA-850381BCF8C0}
		{C3A0BD3C-13FF-4BAC-A31A-D9D7717A09BE} = {829E6DC3-40BD-41F8-85BA-850381BCF8C0}
		{80A6D6AC-F12C-4BAF-9D1D-ED730F68B201} = {829E6DC3-40BD-41F8-85BA-850381BCF8C0}
		{8E323B5E-F68F-4BAE-8E17-525065582E8A} = {829E6DC3-40BD-41F8-85BA-850381BCF8C0}
	EndGlobalSection
EndGlobal
